// !$*UTF8*$!
{
	archiveVersion = 1;
	classes = {
	};
	objectVersion = 46;
	objects = {

/* Begin PBXBuildFile section */
		453A245019C29CE600F73DC9 /* CommonMarkInline.m in Sources */ = {isa = PBXBuildFile; fileRef = 45E20D5919BC59450095C94F /* CommonMarkInline.m */; };
		453A245119C29CE600F73DC9 /* CommonMarkInlineLinkage.m in Sources */ = {isa = PBXBuildFile; fileRef = 45BCE45719BD7D9D008F39C0 /* CommonMarkInlineLinkage.m */; };
		453A245219C29CE600F73DC9 /* CommonMark__INTERNALS.m in Sources */ = {isa = PBXBuildFile; fileRef = 45E20D6D19BCFC120095C94F /* CommonMark__INTERNALS.m */; };
		453A245319C29CE600F73DC9 /* CommonMarkReference.m in Sources */ = {isa = PBXBuildFile; fileRef = 45E20D5C19BC594F0095C94F /* CommonMarkReference.m */; };
		453A245419C29CE600F73DC9 /* CommonMark__INTERNAL_STRING_UTILITIES.m in Sources */ = {isa = PBXBuildFile; fileRef = 45A7CAFC19BD5CD500EAE282 /* CommonMark__INTERNAL_STRING_UTILITIES.m */; };
		453A245519C29CE600F73DC9 /* EonilCommonMark.m in Sources */ = {isa = PBXBuildFile; fileRef = 45E20D7C19BD2A970095C94F /* EonilCommonMark.m */; };
		453A245619C29CE600F73DC9 /* CommonMarkUtilityFunctions.m in Sources */ = {isa = PBXBuildFile; fileRef = 45BCE44719BD7982008F39C0 /* CommonMarkUtilityFunctions.m */; };
		453A245719C29CE600F73DC9 /* CommonMarkBlockList.m in Sources */ = {isa = PBXBuildFile; fileRef = 45E20D7919BD07400095C94F /* CommonMarkBlockList.m */; };
		453A245819C29CE600F73DC9 /* CommonMarkSubject.m in Sources */ = {isa = PBXBuildFile; fileRef = 45E20D5F19BC59590095C94F /* CommonMarkSubject.m */; };
		453A245919C29CE600F73DC9 /* CommonMarkInlineList.m in Sources */ = {isa = PBXBuildFile; fileRef = 45A7CAF619BD5C0100EAE282 /* CommonMarkInlineList.m */; };
		453A245A19C29CE600F73DC9 /* CommonMark__INTERNAL_ENUM_MAPPINGS.m in Sources */ = {isa = PBXBuildFile; fileRef = 45A7CAFF19BD625000EAE282 /* CommonMark__INTERNAL_ENUM_MAPPINGS.m */; };
		453A245B19C29CE600F73DC9 /* CommonMarkError.m in Sources */ = {isa = PBXBuildFile; fileRef = 45E20D7019BCFDFD0095C94F /* CommonMarkError.m */; };
		453A245C19C29CE600F73DC9 /* CommonMarkBlock.m in Sources */ = {isa = PBXBuildFile; fileRef = 45E20D6519BC597D0095C94F /* CommonMarkBlock.m */; };
		453A245D19C29CE700F73DC9 /* CommonMarkInline.m in Sources */ = {isa = PBXBuildFile; fileRef = 45E20D5919BC59450095C94F /* CommonMarkInline.m */; };
		453A245E19C29CE700F73DC9 /* CommonMarkInlineLinkage.m in Sources */ = {isa = PBXBuildFile; fileRef = 45BCE45719BD7D9D008F39C0 /* CommonMarkInlineLinkage.m */; };
		453A245F19C29CE700F73DC9 /* CommonMark__INTERNALS.m in Sources */ = {isa = PBXBuildFile; fileRef = 45E20D6D19BCFC120095C94F /* CommonMark__INTERNALS.m */; };
		453A246019C29CE700F73DC9 /* CommonMarkReference.m in Sources */ = {isa = PBXBuildFile; fileRef = 45E20D5C19BC594F0095C94F /* CommonMarkReference.m */; };
		453A246119C29CE700F73DC9 /* CommonMark__INTERNAL_STRING_UTILITIES.m in Sources */ = {isa = PBXBuildFile; fileRef = 45A7CAFC19BD5CD500EAE282 /* CommonMark__INTERNAL_STRING_UTILITIES.m */; };
		453A246219C29CE700F73DC9 /* EonilCommonMark.m in Sources */ = {isa = PBXBuildFile; fileRef = 45E20D7C19BD2A970095C94F /* EonilCommonMark.m */; };
		453A246319C29CE700F73DC9 /* CommonMarkUtilityFunctions.m in Sources */ = {isa = PBXBuildFile; fileRef = 45BCE44719BD7982008F39C0 /* CommonMarkUtilityFunctions.m */; };
		453A246419C29CE700F73DC9 /* CommonMarkBlockList.m in Sources */ = {isa = PBXBuildFile; fileRef = 45E20D7919BD07400095C94F /* CommonMarkBlockList.m */; };
		453A246519C29CE700F73DC9 /* CommonMarkSubject.m in Sources */ = {isa = PBXBuildFile; fileRef = 45E20D5F19BC59590095C94F /* CommonMarkSubject.m */; };
		453A246619C29CE700F73DC9 /* CommonMarkInlineList.m in Sources */ = {isa = PBXBuildFile; fileRef = 45A7CAF619BD5C0100EAE282 /* CommonMarkInlineList.m */; };
		453A246719C29CE700F73DC9 /* CommonMark__INTERNAL_ENUM_MAPPINGS.m in Sources */ = {isa = PBXBuildFile; fileRef = 45A7CAFF19BD625000EAE282 /* CommonMark__INTERNAL_ENUM_MAPPINGS.m */; };
		453A246819C29CE700F73DC9 /* CommonMarkError.m in Sources */ = {isa = PBXBuildFile; fileRef = 45E20D7019BCFDFD0095C94F /* CommonMarkError.m */; };
		453A246919C29CE700F73DC9 /* CommonMarkBlock.m in Sources */ = {isa = PBXBuildFile; fileRef = 45E20D6519BC597D0095C94F /* CommonMarkBlock.m */; };
		453A246A19C29CF400F73DC9 /* EonilCommonMark.h in Headers */ = {isa = PBXBuildFile; fileRef = 45E20D7B19BD2A970095C94F /* EonilCommonMark.h */; settings = {ATTRIBUTES = (Public, ); }; };
		453A246B19C29CF400F73DC9 /* CommonMarkReference.h in Headers */ = {isa = PBXBuildFile; fileRef = 45E20D5B19BC594F0095C94F /* CommonMarkReference.h */; settings = {ATTRIBUTES = (Public, ); }; };
		453A246C19C29CF400F73DC9 /* CommonMarkUtilityFunctions.h in Headers */ = {isa = PBXBuildFile; fileRef = 45BCE44619BD7982008F39C0 /* CommonMarkUtilityFunctions.h */; settings = {ATTRIBUTES = (Public, ); }; };
		453A246D19C29CF400F73DC9 /* CommonMarkBlock.h in Headers */ = {isa = PBXBuildFile; fileRef = 45E20D6419BC597D0095C94F /* CommonMarkBlock.h */; settings = {ATTRIBUTES = (Public, ); }; };
		453A246E19C29CF400F73DC9 /* CommonMarkError.h in Headers */ = {isa = PBXBuildFile; fileRef = 45E20D6F19BCFDFD0095C94F /* CommonMarkError.h */; settings = {ATTRIBUTES = (Public, ); }; };
		453A246F19C29CF400F73DC9 /* CommonMarkInlineLinkage.h in Headers */ = {isa = PBXBuildFile; fileRef = 45BCE45619BD7D9D008F39C0 /* CommonMarkInlineLinkage.h */; settings = {ATTRIBUTES = (Public, ); }; };
		453A247019C29CF400F73DC9 /* CommonMarkSubject.h in Headers */ = {isa = PBXBuildFile; fileRef = 45E20D5E19BC59590095C94F /* CommonMarkSubject.h */; settings = {ATTRIBUTES = (Public, ); }; };
		453A247119C29CF400F73DC9 /* CommonMarkInline.h in Headers */ = {isa = PBXBuildFile; fileRef = 45E20D5819BC59450095C94F /* CommonMarkInline.h */; settings = {ATTRIBUTES = (Public, ); }; };
		453A247219C29CF400F73DC9 /* CommonMarkBlockList.h in Headers */ = {isa = PBXBuildFile; fileRef = 45E20D7819BD07400095C94F /* CommonMarkBlockList.h */; settings = {ATTRIBUTES = (Public, ); }; };
		453A247319C29CF400F73DC9 /* CommonMarkInlineList.h in Headers */ = {isa = PBXBuildFile; fileRef = 45A7CAF519BD5C0100EAE282 /* CommonMarkInlineList.h */; settings = {ATTRIBUTES = (Public, ); }; };
		453A247419C29CF500F73DC9 /* EonilCommonMark.h in Headers */ = {isa = PBXBuildFile; fileRef = 45E20D7B19BD2A970095C94F /* EonilCommonMark.h */; settings = {ATTRIBUTES = (Public, ); }; };
		453A247519C29CF500F73DC9 /* CommonMarkReference.h in Headers */ = {isa = PBXBuildFile; fileRef = 45E20D5B19BC594F0095C94F /* CommonMarkReference.h */; settings = {ATTRIBUTES = (Public, ); }; };
		453A247619C29CF500F73DC9 /* CommonMarkUtilityFunctions.h in Headers */ = {isa = PBXBuildFile; fileRef = 45BCE44619BD7982008F39C0 /* CommonMarkUtilityFunctions.h */; settings = {ATTRIBUTES = (Public, ); }; };
		453A247719C29CF500F73DC9 /* CommonMarkBlock.h in Headers */ = {isa = PBXBuildFile; fileRef = 45E20D6419BC597D0095C94F /* CommonMarkBlock.h */; settings = {ATTRIBUTES = (Public, ); }; };
		453A247819C29CF500F73DC9 /* CommonMarkError.h in Headers */ = {isa = PBXBuildFile; fileRef = 45E20D6F19BCFDFD0095C94F /* CommonMarkError.h */; settings = {ATTRIBUTES = (Public, ); }; };
		453A247919C29CF500F73DC9 /* CommonMarkInlineLinkage.h in Headers */ = {isa = PBXBuildFile; fileRef = 45BCE45619BD7D9D008F39C0 /* CommonMarkInlineLinkage.h */; settings = {ATTRIBUTES = (Public, ); }; };
		453A247A19C29CF500F73DC9 /* CommonMarkSubject.h in Headers */ = {isa = PBXBuildFile; fileRef = 45E20D5E19BC59590095C94F /* CommonMarkSubject.h */; settings = {ATTRIBUTES = (Public, ); }; };
		453A247B19C29CF500F73DC9 /* CommonMarkInline.h in Headers */ = {isa = PBXBuildFile; fileRef = 45E20D5819BC59450095C94F /* CommonMarkInline.h */; settings = {ATTRIBUTES = (Public, ); }; };
		453A247C19C29CF500F73DC9 /* CommonMarkBlockList.h in Headers */ = {isa = PBXBuildFile; fileRef = 45E20D7819BD07400095C94F /* CommonMarkBlockList.h */; settings = {ATTRIBUTES = (Public, ); }; };
		453A247D19C29CF500F73DC9 /* CommonMarkInlineList.h in Headers */ = {isa = PBXBuildFile; fileRef = 45A7CAF519BD5C0100EAE282 /* CommonMarkInlineList.h */; settings = {ATTRIBUTES = (Public, ); }; };
		453A247E19C29D0700F73DC9 /* CommonMark__INTERNAL_STRING_UTILITIES.h in Headers */ = {isa = PBXBuildFile; fileRef = 45A7CAFB19BD5CD500EAE282 /* CommonMark__INTERNAL_STRING_UTILITIES.h */; settings = {ATTRIBUTES = (Private, ); }; };
		453A247F19C29D0700F73DC9 /* CommonMark__INTERNALS.h in Headers */ = {isa = PBXBuildFile; fileRef = 45E20D6C19BCFC120095C94F /* CommonMark__INTERNALS.h */; settings = {ATTRIBUTES = (Private, ); }; };
		453A248019C29D0700F73DC9 /* CommonMark__INTERNAL_ENUM_MAPPINGS.h in Headers */ = {isa = PBXBuildFile; fileRef = 45A7CAFE19BD625000EAE282 /* CommonMark__INTERNAL_ENUM_MAPPINGS.h */; settings = {ATTRIBUTES = (Private, ); }; };
		453A248119C29D0800F73DC9 /* CommonMark__INTERNAL_STRING_UTILITIES.h in Headers */ = {isa = PBXBuildFile; fileRef = 45A7CAFB19BD5CD500EAE282 /* CommonMark__INTERNAL_STRING_UTILITIES.h */; settings = {ATTRIBUTES = (Private, ); }; };
		453A248219C29D0800F73DC9 /* CommonMark__INTERNALS.h in Headers */ = {isa = PBXBuildFile; fileRef = 45E20D6C19BCFC120095C94F /* CommonMark__INTERNALS.h */; settings = {ATTRIBUTES = (Private, ); }; };
		453A248319C29D0800F73DC9 /* CommonMark__INTERNAL_ENUM_MAPPINGS.h in Headers */ = {isa = PBXBuildFile; fileRef = 45A7CAFE19BD625000EAE282 /* CommonMark__INTERNAL_ENUM_MAPPINGS.h */; settings = {ATTRIBUTES = (Private, ); }; };
		4559D1B319C3694B00063F96 /* CommonMarkProxyObject.h in Headers */ = {isa = PBXBuildFile; fileRef = 45BCE49419BD813E008F39C0 /* CommonMarkProxyObject.h */; settings = {ATTRIBUTES = (Public, ); }; };
		4559D1B419C3694B00063F96 /* CommonMarkProxyObject.h in Headers */ = {isa = PBXBuildFile; fileRef = 45BCE49419BD813E008F39C0 /* CommonMarkProxyObject.h */; settings = {ATTRIBUTES = (Public, ); }; };
		4559D1B519C3694B00063F96 /* CommonMarkProxyObject.h in Headers */ = {isa = PBXBuildFile; fileRef = 45BCE49419BD813E008F39C0 /* CommonMarkProxyObject.h */; settings = {ATTRIBUTES = (Public, ); }; };
		4559D1B619C3694C00063F96 /* CommonMarkProxyObject.h in Headers */ = {isa = PBXBuildFile; fileRef = 45BCE49419BD813E008F39C0 /* CommonMarkProxyObject.h */; settings = {ATTRIBUTES = (Public, ); }; };
		455AA8CE19C29F32007A790A /* libEonilCommonMarkC.a in Frameworks */ = {isa = PBXBuildFile; fileRef = 45A7CB5C19BD735700EAE282 /* libEonilCommonMarkC.a */; };
		455AA8D819C29F6C007A790A /* CommonMarkBlockFencedCodeData.m in Sources */ = {isa = PBXBuildFile; fileRef = 45BCE4A619BD9240008F39C0 /* CommonMarkBlockFencedCodeData.m */; };
		455AA8D919C29F6C007A790A /* CommonMarkBlockListData.m in Sources */ = {isa = PBXBuildFile; fileRef = 45BCE4A319BD9233008F39C0 /* CommonMarkBlockListData.m */; };
		455AA8DA19C29F6C007A790A /* CommonMarkBlockReferenceMap.m in Sources */ = {isa = PBXBuildFile; fileRef = 45BCE4A919BD924F008F39C0 /* CommonMarkBlockReferenceMap.m */; };
		455AA8DB19C29F6C007A790A /* CommonMarkProxyObject.m in Sources */ = {isa = PBXBuildFile; fileRef = 45BCE49519BD813E008F39C0 /* CommonMarkProxyObject.m */; };
		455AA8DC19C29F6C007A790A /* CommonMarkBlockFencedCodeData.m in Sources */ = {isa = PBXBuildFile; fileRef = 45BCE4A619BD9240008F39C0 /* CommonMarkBlockFencedCodeData.m */; };
		455AA8DD19C29F6C007A790A /* CommonMarkBlockListData.m in Sources */ = {isa = PBXBuildFile; fileRef = 45BCE4A319BD9233008F39C0 /* CommonMarkBlockListData.m */; };
		455AA8DE19C29F6C007A790A /* CommonMarkBlockReferenceMap.m in Sources */ = {isa = PBXBuildFile; fileRef = 45BCE4A919BD924F008F39C0 /* CommonMarkBlockReferenceMap.m */; };
		455AA8DF19C29F6C007A790A /* CommonMarkProxyObject.m in Sources */ = {isa = PBXBuildFile; fileRef = 45BCE49519BD813E008F39C0 /* CommonMarkProxyObject.m */; };
		4588BB1119CD64B500357E40 /* main.m in Sources */ = {isa = PBXBuildFile; fileRef = 4588BB1019CD64B500357E40 /* main.m */; };
		4594093A19C36A460071FE41 /* libEonilCommonMarkC.a in Frameworks */ = {isa = PBXBuildFile; fileRef = 45A7CB6E19BD738C00EAE282 /* libEonilCommonMarkC.a */; };
		45A7CB3719BD727700EAE282 /* EonilCommonMark.h in Headers */ = {isa = PBXBuildFile; fileRef = 45E20D7B19BD2A970095C94F /* EonilCommonMark.h */; settings = {ATTRIBUTES = (Public, ); }; };
		45A7CB3819BD727800EAE282 /* EonilCommonMark.h in Headers */ = {isa = PBXBuildFile; fileRef = 45E20D7B19BD2A970095C94F /* EonilCommonMark.h */; settings = {ATTRIBUTES = (Public, ); }; };
		45A7CB3919BD728100EAE282 /* CommonMarkInline.h in Headers */ = {isa = PBXBuildFile; fileRef = 45E20D5819BC59450095C94F /* CommonMarkInline.h */; settings = {ATTRIBUTES = (Public, ); }; };
		45A7CB3A19BD728100EAE282 /* CommonMarkInlineList.h in Headers */ = {isa = PBXBuildFile; fileRef = 45A7CAF519BD5C0100EAE282 /* CommonMarkInlineList.h */; settings = {ATTRIBUTES = (Public, ); }; };
		45A7CB3B19BD728100EAE282 /* CommonMarkReference.h in Headers */ = {isa = PBXBuildFile; fileRef = 45E20D5B19BC594F0095C94F /* CommonMarkReference.h */; settings = {ATTRIBUTES = (Public, ); }; };
		45A7CB3C19BD728100EAE282 /* CommonMarkSubject.h in Headers */ = {isa = PBXBuildFile; fileRef = 45E20D5E19BC59590095C94F /* CommonMarkSubject.h */; settings = {ATTRIBUTES = (Public, ); }; };
		45A7CB3D19BD728100EAE282 /* CommonMarkBlock.h in Headers */ = {isa = PBXBuildFile; fileRef = 45E20D6419BC597D0095C94F /* CommonMarkBlock.h */; settings = {ATTRIBUTES = (Public, ); }; };
		45A7CB3E19BD728100EAE282 /* CommonMarkBlockList.h in Headers */ = {isa = PBXBuildFile; fileRef = 45E20D7819BD07400095C94F /* CommonMarkBlockList.h */; settings = {ATTRIBUTES = (Public, ); }; };
		45A7CB4019BD728100EAE282 /* CommonMarkError.h in Headers */ = {isa = PBXBuildFile; fileRef = 45E20D6F19BCFDFD0095C94F /* CommonMarkError.h */; settings = {ATTRIBUTES = (Public, ); }; };
		45A7CB4119BD728100EAE282 /* CommonMarkInline.h in Headers */ = {isa = PBXBuildFile; fileRef = 45E20D5819BC59450095C94F /* CommonMarkInline.h */; settings = {ATTRIBUTES = (Public, ); }; };
		45A7CB4219BD728100EAE282 /* CommonMarkInlineList.h in Headers */ = {isa = PBXBuildFile; fileRef = 45A7CAF519BD5C0100EAE282 /* CommonMarkInlineList.h */; settings = {ATTRIBUTES = (Public, ); }; };
		45A7CB4319BD728100EAE282 /* CommonMarkReference.h in Headers */ = {isa = PBXBuildFile; fileRef = 45E20D5B19BC594F0095C94F /* CommonMarkReference.h */; settings = {ATTRIBUTES = (Public, ); }; };
		45A7CB4419BD728100EAE282 /* CommonMarkSubject.h in Headers */ = {isa = PBXBuildFile; fileRef = 45E20D5E19BC59590095C94F /* CommonMarkSubject.h */; settings = {ATTRIBUTES = (Public, ); }; };
		45A7CB4519BD728100EAE282 /* CommonMarkBlock.h in Headers */ = {isa = PBXBuildFile; fileRef = 45E20D6419BC597D0095C94F /* CommonMarkBlock.h */; settings = {ATTRIBUTES = (Public, ); }; };
		45A7CB4619BD728100EAE282 /* CommonMarkBlockList.h in Headers */ = {isa = PBXBuildFile; fileRef = 45E20D7819BD07400095C94F /* CommonMarkBlockList.h */; settings = {ATTRIBUTES = (Public, ); }; };
		45A7CB4819BD728100EAE282 /* CommonMarkError.h in Headers */ = {isa = PBXBuildFile; fileRef = 45E20D6F19BCFDFD0095C94F /* CommonMarkError.h */; settings = {ATTRIBUTES = (Public, ); }; };
		45A7CB4919BD728700EAE282 /* CommonMark__INTERNALS.h in Headers */ = {isa = PBXBuildFile; fileRef = 45E20D6C19BCFC120095C94F /* CommonMark__INTERNALS.h */; settings = {ATTRIBUTES = (Private, ); }; };
		45A7CB4A19BD728700EAE282 /* CommonMark__INTERNAL_STRING_UTILITIES.h in Headers */ = {isa = PBXBuildFile; fileRef = 45A7CAFB19BD5CD500EAE282 /* CommonMark__INTERNAL_STRING_UTILITIES.h */; settings = {ATTRIBUTES = (Private, ); }; };
		45A7CB4B19BD728700EAE282 /* CommonMark__INTERNAL_ENUM_MAPPINGS.h in Headers */ = {isa = PBXBuildFile; fileRef = 45A7CAFE19BD625000EAE282 /* CommonMark__INTERNAL_ENUM_MAPPINGS.h */; settings = {ATTRIBUTES = (Private, ); }; };
		45A7CB4C19BD728700EAE282 /* CommonMark__INTERNALS.h in Headers */ = {isa = PBXBuildFile; fileRef = 45E20D6C19BCFC120095C94F /* CommonMark__INTERNALS.h */; settings = {ATTRIBUTES = (Private, ); }; };
		45A7CB4D19BD728700EAE282 /* CommonMark__INTERNAL_STRING_UTILITIES.h in Headers */ = {isa = PBXBuildFile; fileRef = 45A7CAFB19BD5CD500EAE282 /* CommonMark__INTERNAL_STRING_UTILITIES.h */; settings = {ATTRIBUTES = (Private, ); }; };
		45A7CB4E19BD728700EAE282 /* CommonMark__INTERNAL_ENUM_MAPPINGS.h in Headers */ = {isa = PBXBuildFile; fileRef = 45A7CAFE19BD625000EAE282 /* CommonMark__INTERNAL_ENUM_MAPPINGS.h */; settings = {ATTRIBUTES = (Private, ); }; };
		45A7CB6119BD737D00EAE282 /* blocks.c in Sources */ = {isa = PBXBuildFile; fileRef = 45E20D3B19BC578E0095C94F /* blocks.c */; };
		45A7CB6219BD737D00EAE282 /* bstrlib.c in Sources */ = {isa = PBXBuildFile; fileRef = 45E20D3C19BC578E0095C94F /* bstrlib.c */; };
		45A7CB6419BD737D00EAE282 /* detab.c in Sources */ = {isa = PBXBuildFile; fileRef = 45E20D3E19BC578E0095C94F /* detab.c */; };
		45A7CB6519BD737D00EAE282 /* html.c in Sources */ = {isa = PBXBuildFile; fileRef = 45E20D3F19BC578E0095C94F /* html.c */; };
		45A7CB6619BD737D00EAE282 /* inlines.c in Sources */ = {isa = PBXBuildFile; fileRef = 45E20D4019BC578E0095C94F /* inlines.c */; };
		45A7CB6719BD737D00EAE282 /* print.c in Sources */ = {isa = PBXBuildFile; fileRef = 45E20D4119BC578E0095C94F /* print.c */; };
		45A7CB6819BD737D00EAE282 /* scanners.c in Sources */ = {isa = PBXBuildFile; fileRef = 45E20D4219BC578E0095C94F /* scanners.c */; };
		45A7CB6919BD737D00EAE282 /* utf8.c in Sources */ = {isa = PBXBuildFile; fileRef = 45E20D4519BC578E0095C94F /* utf8.c */; };
		45A7CB8219BD73AE00EAE282 /* libEonilCommonMarkC.a in Frameworks */ = {isa = PBXBuildFile; fileRef = 45A7CB5C19BD735700EAE282 /* libEonilCommonMarkC.a */; };
		45A7CB8319BD73B200EAE282 /* libEonilCommonMarkC.a in Frameworks */ = {isa = PBXBuildFile; fileRef = 45A7CB6E19BD738C00EAE282 /* libEonilCommonMarkC.a */; };
		45A7CB8419BD73C200EAE282 /* EonilCommonMark.framework in Frameworks */ = {isa = PBXBuildFile; fileRef = 45A7CB0619BD725100EAE282 /* EonilCommonMark.framework */; };
		45BCE43E19BD7442008F39C0 /* blocks.c in Sources */ = {isa = PBXBuildFile; fileRef = 45E20D3B19BC578E0095C94F /* blocks.c */; };
		45BCE43F19BD7442008F39C0 /* bstrlib.c in Sources */ = {isa = PBXBuildFile; fileRef = 45E20D3C19BC578E0095C94F /* bstrlib.c */; };
		45BCE44019BD7442008F39C0 /* detab.c in Sources */ = {isa = PBXBuildFile; fileRef = 45E20D3E19BC578E0095C94F /* detab.c */; };
		45BCE44119BD7442008F39C0 /* html.c in Sources */ = {isa = PBXBuildFile; fileRef = 45E20D3F19BC578E0095C94F /* html.c */; };
		45BCE44219BD7442008F39C0 /* inlines.c in Sources */ = {isa = PBXBuildFile; fileRef = 45E20D4019BC578E0095C94F /* inlines.c */; };
		45BCE44319BD7442008F39C0 /* print.c in Sources */ = {isa = PBXBuildFile; fileRef = 45E20D4119BC578E0095C94F /* print.c */; };
		45BCE44419BD7442008F39C0 /* scanners.c in Sources */ = {isa = PBXBuildFile; fileRef = 45E20D4219BC578E0095C94F /* scanners.c */; };
		45BCE44519BD7442008F39C0 /* utf8.c in Sources */ = {isa = PBXBuildFile; fileRef = 45E20D4519BC578E0095C94F /* utf8.c */; };
		45BCE44B19BD7A3F008F39C0 /* CommonMarkUtilityFunctions.h in Headers */ = {isa = PBXBuildFile; fileRef = 45BCE44619BD7982008F39C0 /* CommonMarkUtilityFunctions.h */; settings = {ATTRIBUTES = (Public, ); }; };
		45BCE44C19BD7A3F008F39C0 /* CommonMarkUtilityFunctions.h in Headers */ = {isa = PBXBuildFile; fileRef = 45BCE44619BD7982008F39C0 /* CommonMarkUtilityFunctions.h */; settings = {ATTRIBUTES = (Public, ); }; };
		45BCE44D19BD7A4C008F39C0 /* LICENSE.CommonMark in Resources */ = {isa = PBXBuildFile; fileRef = 45E20D5419BC581A0095C94F /* LICENSE.CommonMark */; };
		45BCE44E19BD7A4C008F39C0 /* license.bstrlib.txt in Resources */ = {isa = PBXBuildFile; fileRef = 45E20D6719BCEEFE0095C94F /* license.bstrlib.txt */; };
		45BCE44F19BD7A4C008F39C0 /* license.uthash.txt in Resources */ = {isa = PBXBuildFile; fileRef = 45E20D6819BCEEFE0095C94F /* license.uthash.txt */; };
		45BCE45319BD7A50008F39C0 /* README.md in Resources */ = {isa = PBXBuildFile; fileRef = 45E20D5219BC57CF0095C94F /* README.md */; };
		45BCE45919BD7DA0008F39C0 /* CommonMarkInlineLinkage.h in Headers */ = {isa = PBXBuildFile; fileRef = 45BCE45619BD7D9D008F39C0 /* CommonMarkInlineLinkage.h */; settings = {ATTRIBUTES = (Public, ); }; };
		45BCE45A19BD7DA0008F39C0 /* CommonMarkInlineLinkage.h in Headers */ = {isa = PBXBuildFile; fileRef = 45BCE45619BD7D9D008F39C0 /* CommonMarkInlineLinkage.h */; settings = {ATTRIBUTES = (Public, ); }; };
		45BCE45D19BD7DA7008F39C0 /* CommonMarkInlineLinkage.m in Sources */ = {isa = PBXBuildFile; fileRef = 45BCE45719BD7D9D008F39C0 /* CommonMarkInlineLinkage.m */; };
		45BCE45E19BD7DA8008F39C0 /* CommonMarkInlineLinkage.m in Sources */ = {isa = PBXBuildFile; fileRef = 45BCE45719BD7D9D008F39C0 /* CommonMarkInlineLinkage.m */; };
		45BCE45F19BD7DAC008F39C0 /* EonilCommonMark.m in Sources */ = {isa = PBXBuildFile; fileRef = 45E20D7C19BD2A970095C94F /* EonilCommonMark.m */; };
		45BCE46019BD7DAD008F39C0 /* EonilCommonMark.m in Sources */ = {isa = PBXBuildFile; fileRef = 45E20D7C19BD2A970095C94F /* EonilCommonMark.m */; };
		45BCE46219BD7DB1008F39C0 /* CommonMark__INTERNALS.m in Sources */ = {isa = PBXBuildFile; fileRef = 45E20D6D19BCFC120095C94F /* CommonMark__INTERNALS.m */; };
		45BCE46319BD7DB1008F39C0 /* CommonMark__INTERNALS.m in Sources */ = {isa = PBXBuildFile; fileRef = 45E20D6D19BCFC120095C94F /* CommonMark__INTERNALS.m */; };
		45BCE48019BD7DBF008F39C0 /* CommonMark__INTERNAL_STRING_UTILITIES.m in Sources */ = {isa = PBXBuildFile; fileRef = 45A7CAFC19BD5CD500EAE282 /* CommonMark__INTERNAL_STRING_UTILITIES.m */; };
		45BCE48119BD7DBF008F39C0 /* CommonMark__INTERNAL_ENUM_MAPPINGS.m in Sources */ = {isa = PBXBuildFile; fileRef = 45A7CAFF19BD625000EAE282 /* CommonMark__INTERNAL_ENUM_MAPPINGS.m */; };
		45BCE48219BD7DBF008F39C0 /* CommonMarkInline.m in Sources */ = {isa = PBXBuildFile; fileRef = 45E20D5919BC59450095C94F /* CommonMarkInline.m */; };
		45BCE48319BD7DBF008F39C0 /* CommonMarkInlineList.m in Sources */ = {isa = PBXBuildFile; fileRef = 45A7CAF619BD5C0100EAE282 /* CommonMarkInlineList.m */; };
		45BCE48419BD7DBF008F39C0 /* CommonMarkReference.m in Sources */ = {isa = PBXBuildFile; fileRef = 45E20D5C19BC594F0095C94F /* CommonMarkReference.m */; };
		45BCE48519BD7DBF008F39C0 /* CommonMarkSubject.m in Sources */ = {isa = PBXBuildFile; fileRef = 45E20D5F19BC59590095C94F /* CommonMarkSubject.m */; };
		45BCE48619BD7DBF008F39C0 /* CommonMarkBlock.m in Sources */ = {isa = PBXBuildFile; fileRef = 45E20D6519BC597D0095C94F /* CommonMarkBlock.m */; };
		45BCE48719BD7DBF008F39C0 /* CommonMarkBlockList.m in Sources */ = {isa = PBXBuildFile; fileRef = 45E20D7919BD07400095C94F /* CommonMarkBlockList.m */; };
		45BCE48819BD7DBF008F39C0 /* CommonMarkError.m in Sources */ = {isa = PBXBuildFile; fileRef = 45E20D7019BCFDFD0095C94F /* CommonMarkError.m */; };
		45BCE48919BD7DBF008F39C0 /* CommonMarkUtilityFunctions.m in Sources */ = {isa = PBXBuildFile; fileRef = 45BCE44719BD7982008F39C0 /* CommonMarkUtilityFunctions.m */; };
		45BCE48A19BD7DC0008F39C0 /* CommonMark__INTERNAL_STRING_UTILITIES.m in Sources */ = {isa = PBXBuildFile; fileRef = 45A7CAFC19BD5CD500EAE282 /* CommonMark__INTERNAL_STRING_UTILITIES.m */; };
		45BCE48B19BD7DC0008F39C0 /* CommonMark__INTERNAL_ENUM_MAPPINGS.m in Sources */ = {isa = PBXBuildFile; fileRef = 45A7CAFF19BD625000EAE282 /* CommonMark__INTERNAL_ENUM_MAPPINGS.m */; };
		45BCE48C19BD7DC0008F39C0 /* CommonMarkInline.m in Sources */ = {isa = PBXBuildFile; fileRef = 45E20D5919BC59450095C94F /* CommonMarkInline.m */; };
		45BCE48D19BD7DC0008F39C0 /* CommonMarkInlineList.m in Sources */ = {isa = PBXBuildFile; fileRef = 45A7CAF619BD5C0100EAE282 /* CommonMarkInlineList.m */; };
		45BCE48E19BD7DC0008F39C0 /* CommonMarkReference.m in Sources */ = {isa = PBXBuildFile; fileRef = 45E20D5C19BC594F0095C94F /* CommonMarkReference.m */; };
		45BCE48F19BD7DC0008F39C0 /* CommonMarkSubject.m in Sources */ = {isa = PBXBuildFile; fileRef = 45E20D5F19BC59590095C94F /* CommonMarkSubject.m */; };
		45BCE49019BD7DC0008F39C0 /* CommonMarkBlock.m in Sources */ = {isa = PBXBuildFile; fileRef = 45E20D6519BC597D0095C94F /* CommonMarkBlock.m */; };
		45BCE49119BD7DC0008F39C0 /* CommonMarkBlockList.m in Sources */ = {isa = PBXBuildFile; fileRef = 45E20D7919BD07400095C94F /* CommonMarkBlockList.m */; };
		45BCE49219BD7DC0008F39C0 /* CommonMarkError.m in Sources */ = {isa = PBXBuildFile; fileRef = 45E20D7019BCFDFD0095C94F /* CommonMarkError.m */; };
		45BCE49319BD7DC0008F39C0 /* CommonMarkUtilityFunctions.m in Sources */ = {isa = PBXBuildFile; fileRef = 45BCE44719BD7982008F39C0 /* CommonMarkUtilityFunctions.m */; };
/* End PBXBuildFile section */

/* Begin PBXContainerItemProxy section */
		455AA8C619C29EB1007A790A /* PBXContainerItemProxy */ = {
			isa = PBXContainerItemProxy;
			containerPortal = 45E20BEB19BC529E0095C94F /* Project object */;
			proxyType = 1;
			remoteGlobalIDString = 45A7CB5B19BD735700EAE282;
			remoteInfo = "EonilCommonMarkC - OSX - Static Library";
		};
		455AA8C819C29EB5007A790A /* PBXContainerItemProxy */ = {
			isa = PBXContainerItemProxy;
			containerPortal = 45E20BEB19BC529E0095C94F /* Project object */;
			proxyType = 1;
			remoteGlobalIDString = 45A7CB6D19BD738C00EAE282;
			remoteInfo = "EonilCommonMarkC - iOS - Static Library";
		};
		455AA8CA19C29EC1007A790A /* PBXContainerItemProxy */ = {
			isa = PBXContainerItemProxy;
			containerPortal = 45E20BEB19BC529E0095C94F /* Project object */;
			proxyType = 1;
			remoteGlobalIDString = 45A7CB5B19BD735700EAE282;
			remoteInfo = "EonilCommonMarkC - OSX - Static Library";
		};
		455AA8CC19C29EC5007A790A /* PBXContainerItemProxy */ = {
			isa = PBXContainerItemProxy;
			containerPortal = 45E20BEB19BC529E0095C94F /* Project object */;
			proxyType = 1;
			remoteGlobalIDString = 45A7CB6D19BD738C00EAE282;
			remoteInfo = "EonilCommonMarkC - iOS - Static Library";
		};
/* End PBXContainerItemProxy section */

/* Begin PBXCopyFilesBuildPhase section */
		45A7CB6C19BD738C00EAE282 /* CopyFiles */ = {
			isa = PBXCopyFilesBuildPhase;
			buildActionMask = 2147483647;
			dstPath = "include/$(PRODUCT_NAME)";
			dstSubfolderSpec = 16;
			files = (
			);
			runOnlyForDeploymentPostprocessing = 0;
		};
		45E20BF119BC529E0095C94F /* CopyFiles */ = {
			isa = PBXCopyFilesBuildPhase;
			buildActionMask = 2147483647;
			dstPath = /usr/share/man/man1/;
			dstSubfolderSpec = 0;
			files = (
			);
			runOnlyForDeploymentPostprocessing = 1;
		};
/* End PBXCopyFilesBuildPhase section */

/* Begin PBXFileReference section */
		453A241F19C29CAC00F73DC9 /* EonilCommonMark.framework */ = {isa = PBXFileReference; explicitFileType = wrapper.framework; includeInIndex = 0; path = EonilCommonMark.framework; sourceTree = BUILT_PRODUCTS_DIR; };
		453A242219C29CAC00F73DC9 /* Info.plist */ = {isa = PBXFileReference; lastKnownFileType = text.plist.xml; path = Info.plist; sourceTree = "<group>"; };
		453A243A19C29CBD00F73DC9 /* EonilCommonMark.framework */ = {isa = PBXFileReference; explicitFileType = wrapper.framework; includeInIndex = 0; path = EonilCommonMark.framework; sourceTree = BUILT_PRODUCTS_DIR; };
		453A243D19C29CBD00F73DC9 /* Info.plist */ = {isa = PBXFileReference; lastKnownFileType = text.plist.xml; path = Info.plist; sourceTree = "<group>"; };
		4588BB0D19CD639900357E40 /* LICENSE */ = {isa = PBXFileReference; lastKnownFileType = text; path = LICENSE; sourceTree = "<group>"; };
		4588BB1019CD64B500357E40 /* main.m */ = {isa = PBXFileReference; fileEncoding = 4; lastKnownFileType = sourcecode.c.objc; path = main.m; sourceTree = "<group>"; };
		45A7CAF519BD5C0100EAE282 /* CommonMarkInlineList.h */ = {isa = PBXFileReference; fileEncoding = 4; lastKnownFileType = sourcecode.c.h; path = CommonMarkInlineList.h; sourceTree = "<group>"; };
		45A7CAF619BD5C0100EAE282 /* CommonMarkInlineList.m */ = {isa = PBXFileReference; fileEncoding = 4; lastKnownFileType = sourcecode.c.objc; path = CommonMarkInlineList.m; sourceTree = "<group>"; };
		45A7CAFB19BD5CD500EAE282 /* CommonMark__INTERNAL_STRING_UTILITIES.h */ = {isa = PBXFileReference; fileEncoding = 4; lastKnownFileType = sourcecode.c.h; path = CommonMark__INTERNAL_STRING_UTILITIES.h; sourceTree = "<group>"; };
		45A7CAFC19BD5CD500EAE282 /* CommonMark__INTERNAL_STRING_UTILITIES.m */ = {isa = PBXFileReference; fileEncoding = 4; lastKnownFileType = sourcecode.c.objc; path = CommonMark__INTERNAL_STRING_UTILITIES.m; sourceTree = "<group>"; };
		45A7CAFE19BD625000EAE282 /* CommonMark__INTERNAL_ENUM_MAPPINGS.h */ = {isa = PBXFileReference; fileEncoding = 4; lastKnownFileType = sourcecode.c.h; path = CommonMark__INTERNAL_ENUM_MAPPINGS.h; sourceTree = "<group>"; };
		45A7CAFF19BD625000EAE282 /* CommonMark__INTERNAL_ENUM_MAPPINGS.m */ = {isa = PBXFileReference; fileEncoding = 4; lastKnownFileType = sourcecode.c.objc; path = CommonMark__INTERNAL_ENUM_MAPPINGS.m; sourceTree = "<group>"; };
		45A7CB0619BD725100EAE282 /* EonilCommonMark.framework */ = {isa = PBXFileReference; explicitFileType = wrapper.framework; includeInIndex = 0; path = EonilCommonMark.framework; sourceTree = BUILT_PRODUCTS_DIR; };
		45A7CB0919BD725100EAE282 /* Info.plist */ = {isa = PBXFileReference; lastKnownFileType = text.plist.xml; path = Info.plist; sourceTree = "<group>"; };
		45A7CB2119BD726700EAE282 /* EonilCommonMark.framework */ = {isa = PBXFileReference; explicitFileType = wrapper.framework; includeInIndex = 0; path = EonilCommonMark.framework; sourceTree = BUILT_PRODUCTS_DIR; };
		45A7CB2419BD726700EAE282 /* Info.plist */ = {isa = PBXFileReference; lastKnownFileType = text.plist.xml; path = Info.plist; sourceTree = "<group>"; };
		45A7CB5C19BD735700EAE282 /* libEonilCommonMarkC.a */ = {isa = PBXFileReference; explicitFileType = archive.ar; includeInIndex = 0; path = libEonilCommonMarkC.a; sourceTree = BUILT_PRODUCTS_DIR; };
		45A7CB6E19BD738C00EAE282 /* libEonilCommonMarkC.a */ = {isa = PBXFileReference; explicitFileType = archive.ar; includeInIndex = 0; path = libEonilCommonMarkC.a; sourceTree = BUILT_PRODUCTS_DIR; };
		45BCE44619BD7982008F39C0 /* CommonMarkUtilityFunctions.h */ = {isa = PBXFileReference; fileEncoding = 4; lastKnownFileType = sourcecode.c.h; path = CommonMarkUtilityFunctions.h; sourceTree = "<group>"; };
		45BCE44719BD7982008F39C0 /* CommonMarkUtilityFunctions.m */ = {isa = PBXFileReference; fileEncoding = 4; lastKnownFileType = sourcecode.c.objc; path = CommonMarkUtilityFunctions.m; sourceTree = "<group>"; };
		45BCE45619BD7D9D008F39C0 /* CommonMarkInlineLinkage.h */ = {isa = PBXFileReference; fileEncoding = 4; lastKnownFileType = sourcecode.c.h; path = CommonMarkInlineLinkage.h; sourceTree = "<group>"; };
		45BCE45719BD7D9D008F39C0 /* CommonMarkInlineLinkage.m */ = {isa = PBXFileReference; fileEncoding = 4; lastKnownFileType = sourcecode.c.objc; path = CommonMarkInlineLinkage.m; sourceTree = "<group>"; };
		45BCE49419BD813E008F39C0 /* CommonMarkProxyObject.h */ = {isa = PBXFileReference; fileEncoding = 4; lastKnownFileType = sourcecode.c.h; path = CommonMarkProxyObject.h; sourceTree = "<group>"; };
		45BCE49519BD813E008F39C0 /* CommonMarkProxyObject.m */ = {isa = PBXFileReference; fileEncoding = 4; lastKnownFileType = sourcecode.c.objc; path = CommonMarkProxyObject.m; sourceTree = "<group>"; };
		45BCE4A219BD9233008F39C0 /* CommonMarkBlockListData.h */ = {isa = PBXFileReference; fileEncoding = 4; lastKnownFileType = sourcecode.c.h; path = CommonMarkBlockListData.h; sourceTree = "<group>"; };
		45BCE4A319BD9233008F39C0 /* CommonMarkBlockListData.m */ = {isa = PBXFileReference; fileEncoding = 4; lastKnownFileType = sourcecode.c.objc; path = CommonMarkBlockListData.m; sourceTree = "<group>"; };
		45BCE4A519BD9240008F39C0 /* CommonMarkBlockFencedCodeData.h */ = {isa = PBXFileReference; fileEncoding = 4; lastKnownFileType = sourcecode.c.h; path = CommonMarkBlockFencedCodeData.h; sourceTree = "<group>"; };
		45BCE4A619BD9240008F39C0 /* CommonMarkBlockFencedCodeData.m */ = {isa = PBXFileReference; fileEncoding = 4; lastKnownFileType = sourcecode.c.objc; path = CommonMarkBlockFencedCodeData.m; sourceTree = "<group>"; };
		45BCE4A819BD924F008F39C0 /* CommonMarkBlockReferenceMap.h */ = {isa = PBXFileReference; fileEncoding = 4; lastKnownFileType = sourcecode.c.h; path = CommonMarkBlockReferenceMap.h; sourceTree = "<group>"; };
		45BCE4A919BD924F008F39C0 /* CommonMarkBlockReferenceMap.m */ = {isa = PBXFileReference; fileEncoding = 4; lastKnownFileType = sourcecode.c.objc; path = CommonMarkBlockReferenceMap.m; sourceTree = "<group>"; };
		45E20BF319BC529E0095C94F /* EonilCommonMark */ = {isa = PBXFileReference; explicitFileType = "compiled.mach-o.executable"; includeInIndex = 0; path = EonilCommonMark; sourceTree = BUILT_PRODUCTS_DIR; };
		45E20D3B19BC578E0095C94F /* blocks.c */ = {isa = PBXFileReference; fileEncoding = 4; lastKnownFileType = sourcecode.c.c; path = blocks.c; sourceTree = "<group>"; };
		45E20D3C19BC578E0095C94F /* bstrlib.c */ = {isa = PBXFileReference; fileEncoding = 4; lastKnownFileType = sourcecode.c.c; path = bstrlib.c; sourceTree = "<group>"; };
		45E20D3D19BC578E0095C94F /* bstrlib.h */ = {isa = PBXFileReference; fileEncoding = 4; lastKnownFileType = sourcecode.c.h; path = bstrlib.h; sourceTree = "<group>"; };
		45E20D3E19BC578E0095C94F /* detab.c */ = {isa = PBXFileReference; fileEncoding = 4; lastKnownFileType = sourcecode.c.c; path = detab.c; sourceTree = "<group>"; };
		45E20D3F19BC578E0095C94F /* html.c */ = {isa = PBXFileReference; fileEncoding = 4; lastKnownFileType = sourcecode.c.c; path = html.c; sourceTree = "<group>"; };
		45E20D4019BC578E0095C94F /* inlines.c */ = {isa = PBXFileReference; fileEncoding = 4; lastKnownFileType = sourcecode.c.c; path = inlines.c; sourceTree = "<group>"; };
		45E20D4119BC578E0095C94F /* print.c */ = {isa = PBXFileReference; fileEncoding = 4; lastKnownFileType = sourcecode.c.c; path = print.c; sourceTree = "<group>"; };
		45E20D4219BC578E0095C94F /* scanners.c */ = {isa = PBXFileReference; fileEncoding = 4; lastKnownFileType = sourcecode.c.c; path = scanners.c; sourceTree = "<group>"; };
		45E20D4319BC578E0095C94F /* scanners.h */ = {isa = PBXFileReference; fileEncoding = 4; lastKnownFileType = sourcecode.c.h; path = scanners.h; sourceTree = "<group>"; };
		45E20D4419BC578E0095C94F /* stmd.h */ = {isa = PBXFileReference; fileEncoding = 4; lastKnownFileType = sourcecode.c.h; path = stmd.h; sourceTree = "<group>"; };
		45E20D4519BC578E0095C94F /* utf8.c */ = {isa = PBXFileReference; fileEncoding = 4; lastKnownFileType = sourcecode.c.c; path = utf8.c; sourceTree = "<group>"; };
		45E20D4619BC578E0095C94F /* utf8.h */ = {isa = PBXFileReference; fileEncoding = 4; lastKnownFileType = sourcecode.c.h; path = utf8.h; sourceTree = "<group>"; };
		45E20D4F19BC57A10095C94F /* uthash.h */ = {isa = PBXFileReference; lastKnownFileType = sourcecode.c.h; path = uthash.h; sourceTree = "<group>"; };
		45E20D5019BC57B20095C94F /* debug.h */ = {isa = PBXFileReference; lastKnownFileType = sourcecode.c.h; path = debug.h; sourceTree = "<group>"; };
		45E20D5119BC57C40095C94F /* case_fold_switch.c */ = {isa = PBXFileReference; lastKnownFileType = sourcecode.c.c; path = case_fold_switch.c; sourceTree = "<group>"; };
		45E20D5219BC57CF0095C94F /* README.md */ = {isa = PBXFileReference; fileEncoding = 4; lastKnownFileType = net.daringfireball.markdown; path = README.md; sourceTree = "<group>"; };
		45E20D5419BC581A0095C94F /* LICENSE.CommonMark */ = {isa = PBXFileReference; lastKnownFileType = text; path = LICENSE.CommonMark; sourceTree = "<group>"; };
		45E20D5819BC59450095C94F /* CommonMarkInline.h */ = {isa = PBXFileReference; fileEncoding = 4; lastKnownFileType = sourcecode.c.h; path = CommonMarkInline.h; sourceTree = "<group>"; };
		45E20D5919BC59450095C94F /* CommonMarkInline.m */ = {isa = PBXFileReference; fileEncoding = 4; lastKnownFileType = sourcecode.c.objc; path = CommonMarkInline.m; sourceTree = "<group>"; };
		45E20D5B19BC594F0095C94F /* CommonMarkReference.h */ = {isa = PBXFileReference; fileEncoding = 4; lastKnownFileType = sourcecode.c.h; path = CommonMarkReference.h; sourceTree = "<group>"; };
		45E20D5C19BC594F0095C94F /* CommonMarkReference.m */ = {isa = PBXFileReference; fileEncoding = 4; lastKnownFileType = sourcecode.c.objc; path = CommonMarkReference.m; sourceTree = "<group>"; };
		45E20D5E19BC59590095C94F /* CommonMarkSubject.h */ = {isa = PBXFileReference; fileEncoding = 4; lastKnownFileType = sourcecode.c.h; path = CommonMarkSubject.h; sourceTree = "<group>"; };
		45E20D5F19BC59590095C94F /* CommonMarkSubject.m */ = {isa = PBXFileReference; fileEncoding = 4; lastKnownFileType = sourcecode.c.objc; path = CommonMarkSubject.m; sourceTree = "<group>"; };
		45E20D6419BC597D0095C94F /* CommonMarkBlock.h */ = {isa = PBXFileReference; fileEncoding = 4; lastKnownFileType = sourcecode.c.h; path = CommonMarkBlock.h; sourceTree = "<group>"; };
		45E20D6519BC597D0095C94F /* CommonMarkBlock.m */ = {isa = PBXFileReference; fileEncoding = 4; lastKnownFileType = sourcecode.c.objc; path = CommonMarkBlock.m; sourceTree = "<group>"; };
		45E20D6719BCEEFE0095C94F /* license.bstrlib.txt */ = {isa = PBXFileReference; lastKnownFileType = text; path = license.bstrlib.txt; sourceTree = "<group>"; };
		45E20D6819BCEEFE0095C94F /* license.uthash.txt */ = {isa = PBXFileReference; lastKnownFileType = text; path = license.uthash.txt; sourceTree = "<group>"; };
		45E20D6C19BCFC120095C94F /* CommonMark__INTERNALS.h */ = {isa = PBXFileReference; fileEncoding = 4; lastKnownFileType = sourcecode.c.h; path = CommonMark__INTERNALS.h; sourceTree = "<group>"; };
		45E20D6D19BCFC120095C94F /* CommonMark__INTERNALS.m */ = {isa = PBXFileReference; fileEncoding = 4; lastKnownFileType = sourcecode.c.objc; path = CommonMark__INTERNALS.m; sourceTree = "<group>"; };
		45E20D6F19BCFDFD0095C94F /* CommonMarkError.h */ = {isa = PBXFileReference; fileEncoding = 4; lastKnownFileType = sourcecode.c.h; path = CommonMarkError.h; sourceTree = "<group>"; };
		45E20D7019BCFDFD0095C94F /* CommonMarkError.m */ = {isa = PBXFileReference; fileEncoding = 4; lastKnownFileType = sourcecode.c.objc; path = CommonMarkError.m; sourceTree = "<group>"; };
		45E20D7819BD07400095C94F /* CommonMarkBlockList.h */ = {isa = PBXFileReference; fileEncoding = 4; lastKnownFileType = sourcecode.c.h; path = CommonMarkBlockList.h; sourceTree = "<group>"; };
		45E20D7919BD07400095C94F /* CommonMarkBlockList.m */ = {isa = PBXFileReference; fileEncoding = 4; lastKnownFileType = sourcecode.c.objc; path = CommonMarkBlockList.m; sourceTree = "<group>"; };
		45E20D7B19BD2A970095C94F /* EonilCommonMark.h */ = {isa = PBXFileReference; fileEncoding = 4; lastKnownFileType = sourcecode.c.h; path = EonilCommonMark.h; sourceTree = "<group>"; };
		45E20D7C19BD2A970095C94F /* EonilCommonMark.m */ = {isa = PBXFileReference; fileEncoding = 4; lastKnownFileType = sourcecode.c.objc; path = EonilCommonMark.m; sourceTree = "<group>"; };
/* End PBXFileReference section */

/* Begin PBXFrameworksBuildPhase section */
		453A241B19C29CAC00F73DC9 /* Frameworks */ = {
			isa = PBXFrameworksBuildPhase;
			buildActionMask = 2147483647;
			files = (
				4594093A19C36A460071FE41 /* libEonilCommonMarkC.a in Frameworks */,
			);
			runOnlyForDeploymentPostprocessing = 0;
		};
		453A243619C29CBD00F73DC9 /* Frameworks */ = {
			isa = PBXFrameworksBuildPhase;
			buildActionMask = 2147483647;
			files = (
				455AA8CE19C29F32007A790A /* libEonilCommonMarkC.a in Frameworks */,
			);
			runOnlyForDeploymentPostprocessing = 0;
		};
		45A7CB0219BD725100EAE282 /* Frameworks */ = {
			isa = PBXFrameworksBuildPhase;
			buildActionMask = 2147483647;
			files = (
				45A7CB8219BD73AE00EAE282 /* libEonilCommonMarkC.a in Frameworks */,
			);
			runOnlyForDeploymentPostprocessing = 0;
		};
		45A7CB1D19BD726600EAE282 /* Frameworks */ = {
			isa = PBXFrameworksBuildPhase;
			buildActionMask = 2147483647;
			files = (
				45A7CB8319BD73B200EAE282 /* libEonilCommonMarkC.a in Frameworks */,
			);
			runOnlyForDeploymentPostprocessing = 0;
		};
		45A7CB5919BD735700EAE282 /* Frameworks */ = {
			isa = PBXFrameworksBuildPhase;
			buildActionMask = 2147483647;
			files = (
			);
			runOnlyForDeploymentPostprocessing = 0;
		};
		45A7CB6B19BD738C00EAE282 /* Frameworks */ = {
			isa = PBXFrameworksBuildPhase;
			buildActionMask = 2147483647;
			files = (
			);
			runOnlyForDeploymentPostprocessing = 0;
		};
		45E20BF019BC529E0095C94F /* Frameworks */ = {
			isa = PBXFrameworksBuildPhase;
			buildActionMask = 2147483647;
			files = (
				45A7CB8419BD73C200EAE282 /* EonilCommonMark.framework in Frameworks */,
			);
			runOnlyForDeploymentPostprocessing = 0;
		};
/* End PBXFrameworksBuildPhase section */

/* Begin PBXGroup section */
		453A242019C29CAC00F73DC9 /* CommonMark - iOS - Dynamic Framework */ = {
			isa = PBXGroup;
			children = (
				453A242119C29CAC00F73DC9 /* Supporting Files */,
			);
			path = "CommonMark - iOS - Dynamic Framework";
			sourceTree = "<group>";
		};
		453A242119C29CAC00F73DC9 /* Supporting Files */ = {
			isa = PBXGroup;
			children = (
				453A242219C29CAC00F73DC9 /* Info.plist */,
			);
			name = "Supporting Files";
			sourceTree = "<group>";
		};
		453A243B19C29CBD00F73DC9 /* CommonMark - OSX - Dynamic Framework */ = {
			isa = PBXGroup;
			children = (
				453A243C19C29CBD00F73DC9 /* Supporting Files */,
			);
			path = "CommonMark - OSX - Dynamic Framework";
			sourceTree = "<group>";
		};
		453A243C19C29CBD00F73DC9 /* Supporting Files */ = {
			isa = PBXGroup;
			children = (
				453A243D19C29CBD00F73DC9 /* Info.plist */,
			);
			name = "Supporting Files";
			sourceTree = "<group>";
		};
		4588BB0F19CD64B500357E40 /* CommonMarkTest */ = {
			isa = PBXGroup;
			children = (
				4588BB1019CD64B500357E40 /* main.m */,
			);
			path = CommonMarkTest;
			sourceTree = "<group>";
		};
		45A7CB0719BD725100EAE282 /* CommonMark - OSX - Static Framework */ = {
			isa = PBXGroup;
			children = (
				45A7CB0819BD725100EAE282 /* Supporting Files */,
			);
			path = "CommonMark - OSX - Static Framework";
			sourceTree = "<group>";
		};
		45A7CB0819BD725100EAE282 /* Supporting Files */ = {
			isa = PBXGroup;
			children = (
				45A7CB0919BD725100EAE282 /* Info.plist */,
			);
			name = "Supporting Files";
			sourceTree = "<group>";
		};
		45A7CB2219BD726700EAE282 /* CommonMark - iOS - Static Framework */ = {
			isa = PBXGroup;
			children = (
				45A7CB2319BD726700EAE282 /* Supporting Files */,
			);
			path = "CommonMark - iOS - Static Framework";
			sourceTree = "<group>";
		};
		45A7CB2319BD726700EAE282 /* Supporting Files */ = {
			isa = PBXGroup;
			children = (
				45A7CB2419BD726700EAE282 /* Info.plist */,
			);
			name = "Supporting Files";
			sourceTree = "<group>";
		};
		45E20BEA19BC529E0095C94F = {
			isa = PBXGroup;
			children = (
				45E20D5219BC57CF0095C94F /* README.md */,
				4588BB0D19CD639900357E40 /* LICENSE */,
				45E20BF519BC529E0095C94F /* CommonMark */,
				45A7CB0719BD725100EAE282 /* CommonMark - OSX - Static Framework */,
				45A7CB2219BD726700EAE282 /* CommonMark - iOS - Static Framework */,
				453A242019C29CAC00F73DC9 /* CommonMark - iOS - Dynamic Framework */,
				453A243B19C29CBD00F73DC9 /* CommonMark - OSX - Dynamic Framework */,
				4588BB0F19CD64B500357E40 /* CommonMarkTest */,
				45E20BF419BC529E0095C94F /* Products */,
			);
			sourceTree = "<group>";
		};
		45E20BF419BC529E0095C94F /* Products */ = {
			isa = PBXGroup;
			children = (
				45E20BF319BC529E0095C94F /* EonilCommonMark */,
				45A7CB0619BD725100EAE282 /* EonilCommonMark.framework */,
				45A7CB2119BD726700EAE282 /* EonilCommonMark.framework */,
				45A7CB5C19BD735700EAE282 /* libEonilCommonMarkC.a */,
				45A7CB6E19BD738C00EAE282 /* libEonilCommonMarkC.a */,
				453A241F19C29CAC00F73DC9 /* EonilCommonMark.framework */,
				453A243A19C29CBD00F73DC9 /* EonilCommonMark.framework */,
			);
			name = Products;
			sourceTree = "<group>";
		};
		45E20BF519BC529E0095C94F /* CommonMark */ = {
			isa = PBXGroup;
			children = (
				45E20CCF19BC544A0095C94F /* stmd */,
				45E20D7B19BD2A970095C94F /* EonilCommonMark.h */,
				45E20D7C19BD2A970095C94F /* EonilCommonMark.m */,
				45E20D6C19BCFC120095C94F /* CommonMark__INTERNALS.h */,
				45E20D6D19BCFC120095C94F /* CommonMark__INTERNALS.m */,
				45A7CAFB19BD5CD500EAE282 /* CommonMark__INTERNAL_STRING_UTILITIES.h */,
				45A7CAFC19BD5CD500EAE282 /* CommonMark__INTERNAL_STRING_UTILITIES.m */,
				45A7CAFE19BD625000EAE282 /* CommonMark__INTERNAL_ENUM_MAPPINGS.h */,
				45A7CAFF19BD625000EAE282 /* CommonMark__INTERNAL_ENUM_MAPPINGS.m */,
				45BCE49419BD813E008F39C0 /* CommonMarkProxyObject.h */,
				45BCE49519BD813E008F39C0 /* CommonMarkProxyObject.m */,
				45E20D5819BC59450095C94F /* CommonMarkInline.h */,
				45E20D5919BC59450095C94F /* CommonMarkInline.m */,
				45A7CAF519BD5C0100EAE282 /* CommonMarkInlineList.h */,
				45A7CAF619BD5C0100EAE282 /* CommonMarkInlineList.m */,
				45BCE45619BD7D9D008F39C0 /* CommonMarkInlineLinkage.h */,
				45BCE45719BD7D9D008F39C0 /* CommonMarkInlineLinkage.m */,
				45E20D5B19BC594F0095C94F /* CommonMarkReference.h */,
				45E20D5C19BC594F0095C94F /* CommonMarkReference.m */,
				45E20D5E19BC59590095C94F /* CommonMarkSubject.h */,
				45E20D5F19BC59590095C94F /* CommonMarkSubject.m */,
				45E20D6419BC597D0095C94F /* CommonMarkBlock.h */,
				45E20D6519BC597D0095C94F /* CommonMarkBlock.m */,
				45E20D7819BD07400095C94F /* CommonMarkBlockList.h */,
				45E20D7919BD07400095C94F /* CommonMarkBlockList.m */,
				45BCE4A219BD9233008F39C0 /* CommonMarkBlockListData.h */,
				45BCE4A319BD9233008F39C0 /* CommonMarkBlockListData.m */,
				45BCE4A519BD9240008F39C0 /* CommonMarkBlockFencedCodeData.h */,
				45BCE4A619BD9240008F39C0 /* CommonMarkBlockFencedCodeData.m */,
				45BCE4A819BD924F008F39C0 /* CommonMarkBlockReferenceMap.h */,
				45BCE4A919BD924F008F39C0 /* CommonMarkBlockReferenceMap.m */,
				45E20D6F19BCFDFD0095C94F /* CommonMarkError.h */,
				45E20D7019BCFDFD0095C94F /* CommonMarkError.m */,
				45BCE44619BD7982008F39C0 /* CommonMarkUtilityFunctions.h */,
				45BCE44719BD7982008F39C0 /* CommonMarkUtilityFunctions.m */,
			);
			path = CommonMark;
			sourceTree = "<group>";
		};
		45E20CCF19BC544A0095C94F /* stmd */ = {
			isa = PBXGroup;
			children = (
				45E20D5419BC581A0095C94F /* LICENSE.CommonMark */,
				45E20D6719BCEEFE0095C94F /* license.bstrlib.txt */,
				45E20D6819BCEEFE0095C94F /* license.uthash.txt */,
				45E20D3B19BC578E0095C94F /* blocks.c */,
				45E20D3C19BC578E0095C94F /* bstrlib.c */,
				45E20D3D19BC578E0095C94F /* bstrlib.h */,
				45E20D5119BC57C40095C94F /* case_fold_switch.c */,
				45E20D5019BC57B20095C94F /* debug.h */,
				45E20D3E19BC578E0095C94F /* detab.c */,
				45E20D3F19BC578E0095C94F /* html.c */,
				45E20D4019BC578E0095C94F /* inlines.c */,
				45E20D4119BC578E0095C94F /* print.c */,
				45E20D4219BC578E0095C94F /* scanners.c */,
				45E20D4319BC578E0095C94F /* scanners.h */,
				45E20D4419BC578E0095C94F /* stmd.h */,
				45E20D4519BC578E0095C94F /* utf8.c */,
				45E20D4619BC578E0095C94F /* utf8.h */,
				45E20D4F19BC57A10095C94F /* uthash.h */,
			);
			path = stmd;
			sourceTree = "<group>";
		};
/* End PBXGroup section */

/* Begin PBXHeadersBuildPhase section */
		453A241C19C29CAC00F73DC9 /* Headers */ = {
			isa = PBXHeadersBuildPhase;
			buildActionMask = 2147483647;
			files = (
				453A246B19C29CF400F73DC9 /* CommonMarkReference.h in Headers */,
				453A247E19C29D0700F73DC9 /* CommonMark__INTERNAL_STRING_UTILITIES.h in Headers */,
				453A246E19C29CF400F73DC9 /* CommonMarkError.h in Headers */,
				453A246A19C29CF400F73DC9 /* EonilCommonMark.h in Headers */,
				4559D1B519C3694B00063F96 /* CommonMarkProxyObject.h in Headers */,
				453A248019C29D0700F73DC9 /* CommonMark__INTERNAL_ENUM_MAPPINGS.h in Headers */,
				453A246C19C29CF400F73DC9 /* CommonMarkUtilityFunctions.h in Headers */,
				453A247319C29CF400F73DC9 /* CommonMarkInlineList.h in Headers */,
				453A247019C29CF400F73DC9 /* CommonMarkSubject.h in Headers */,
				453A247219C29CF400F73DC9 /* CommonMarkBlockList.h in Headers */,
				453A247F19C29D0700F73DC9 /* CommonMark__INTERNALS.h in Headers */,
				453A246F19C29CF400F73DC9 /* CommonMarkInlineLinkage.h in Headers */,
				453A246D19C29CF400F73DC9 /* CommonMarkBlock.h in Headers */,
				453A247119C29CF400F73DC9 /* CommonMarkInline.h in Headers */,
			);
			runOnlyForDeploymentPostprocessing = 0;
		};
		453A243719C29CBD00F73DC9 /* Headers */ = {
			isa = PBXHeadersBuildPhase;
			buildActionMask = 2147483647;
			files = (
				453A247519C29CF500F73DC9 /* CommonMarkReference.h in Headers */,
				453A248119C29D0800F73DC9 /* CommonMark__INTERNAL_STRING_UTILITIES.h in Headers */,
				453A247819C29CF500F73DC9 /* CommonMarkError.h in Headers */,
				453A247419C29CF500F73DC9 /* EonilCommonMark.h in Headers */,
				4559D1B419C3694B00063F96 /* CommonMarkProxyObject.h in Headers */,
				453A248319C29D0800F73DC9 /* CommonMark__INTERNAL_ENUM_MAPPINGS.h in Headers */,
				453A247619C29CF500F73DC9 /* CommonMarkUtilityFunctions.h in Headers */,
				453A247D19C29CF500F73DC9 /* CommonMarkInlineList.h in Headers */,
				453A247A19C29CF500F73DC9 /* CommonMarkSubject.h in Headers */,
				453A247C19C29CF500F73DC9 /* CommonMarkBlockList.h in Headers */,
				453A248219C29D0800F73DC9 /* CommonMark__INTERNALS.h in Headers */,
				453A247919C29CF500F73DC9 /* CommonMarkInlineLinkage.h in Headers */,
				453A247719C29CF500F73DC9 /* CommonMarkBlock.h in Headers */,
				453A247B19C29CF500F73DC9 /* CommonMarkInline.h in Headers */,
			);
			runOnlyForDeploymentPostprocessing = 0;
		};
		45A7CB0319BD725100EAE282 /* Headers */ = {
			isa = PBXHeadersBuildPhase;
			buildActionMask = 2147483647;
			files = (
				45A7CB3719BD727700EAE282 /* EonilCommonMark.h in Headers */,
				45A7CB4A19BD728700EAE282 /* CommonMark__INTERNAL_STRING_UTILITIES.h in Headers */,
				45A7CB3B19BD728100EAE282 /* CommonMarkReference.h in Headers */,
				45BCE44B19BD7A3F008F39C0 /* CommonMarkUtilityFunctions.h in Headers */,
				4559D1B319C3694B00063F96 /* CommonMarkProxyObject.h in Headers */,
				45A7CB3D19BD728100EAE282 /* CommonMarkBlock.h in Headers */,
				45A7CB4919BD728700EAE282 /* CommonMark__INTERNALS.h in Headers */,
				45A7CB4019BD728100EAE282 /* CommonMarkError.h in Headers */,
				45A7CB4B19BD728700EAE282 /* CommonMark__INTERNAL_ENUM_MAPPINGS.h in Headers */,
				45BCE45919BD7DA0008F39C0 /* CommonMarkInlineLinkage.h in Headers */,
				45A7CB3C19BD728100EAE282 /* CommonMarkSubject.h in Headers */,
				45A7CB3919BD728100EAE282 /* CommonMarkInline.h in Headers */,
				45A7CB3E19BD728100EAE282 /* CommonMarkBlockList.h in Headers */,
				45A7CB3A19BD728100EAE282 /* CommonMarkInlineList.h in Headers */,
			);
			runOnlyForDeploymentPostprocessing = 0;
		};
		45A7CB1E19BD726600EAE282 /* Headers */ = {
			isa = PBXHeadersBuildPhase;
			buildActionMask = 2147483647;
			files = (
				45A7CB3819BD727800EAE282 /* EonilCommonMark.h in Headers */,
				45A7CB4D19BD728700EAE282 /* CommonMark__INTERNAL_STRING_UTILITIES.h in Headers */,
				45A7CB4319BD728100EAE282 /* CommonMarkReference.h in Headers */,
				45BCE44C19BD7A3F008F39C0 /* CommonMarkUtilityFunctions.h in Headers */,
				4559D1B619C3694C00063F96 /* CommonMarkProxyObject.h in Headers */,
				45A7CB4519BD728100EAE282 /* CommonMarkBlock.h in Headers */,
				45A7CB4C19BD728700EAE282 /* CommonMark__INTERNALS.h in Headers */,
				45A7CB4819BD728100EAE282 /* CommonMarkError.h in Headers */,
				45A7CB4E19BD728700EAE282 /* CommonMark__INTERNAL_ENUM_MAPPINGS.h in Headers */,
				45BCE45A19BD7DA0008F39C0 /* CommonMarkInlineLinkage.h in Headers */,
				45A7CB4419BD728100EAE282 /* CommonMarkSubject.h in Headers */,
				45A7CB4119BD728100EAE282 /* CommonMarkInline.h in Headers */,
				45A7CB4619BD728100EAE282 /* CommonMarkBlockList.h in Headers */,
				45A7CB4219BD728100EAE282 /* CommonMarkInlineList.h in Headers */,
			);
			runOnlyForDeploymentPostprocessing = 0;
		};
		45A7CB5A19BD735700EAE282 /* Headers */ = {
			isa = PBXHeadersBuildPhase;
			buildActionMask = 2147483647;
			files = (
			);
			runOnlyForDeploymentPostprocessing = 0;
		};
/* End PBXHeadersBuildPhase section */

/* Begin PBXNativeTarget section */
		453A241E19C29CAC00F73DC9 /* EonilCommonMark - iOS - Dynamic Framework */ = {
			isa = PBXNativeTarget;
			buildConfigurationList = 453A242F19C29CAD00F73DC9 /* Build configuration list for PBXNativeTarget "EonilCommonMark - iOS - Dynamic Framework" */;
			buildPhases = (
				453A241A19C29CAC00F73DC9 /* Sources */,
				453A241B19C29CAC00F73DC9 /* Frameworks */,
				453A241C19C29CAC00F73DC9 /* Headers */,
				453A241D19C29CAC00F73DC9 /* Resources */,
			);
			buildRules = (
			);
			dependencies = (
				455AA8CD19C29EC5007A790A /* PBXTargetDependency */,
			);
			name = "EonilCommonMark - iOS - Dynamic Framework";
			productName = "CommonMark - iOS - Dynamic Framework";
			productReference = 453A241F19C29CAC00F73DC9 /* EonilCommonMark.framework */;
			productType = "com.apple.product-type.framework";
		};
		453A243919C29CBD00F73DC9 /* EonilCommonMark - OSX - Dynamic Framework */ = {
			isa = PBXNativeTarget;
			buildConfigurationList = 453A244A19C29CBD00F73DC9 /* Build configuration list for PBXNativeTarget "EonilCommonMark - OSX - Dynamic Framework" */;
			buildPhases = (
				453A243519C29CBD00F73DC9 /* Sources */,
				453A243619C29CBD00F73DC9 /* Frameworks */,
				453A243719C29CBD00F73DC9 /* Headers */,
				453A243819C29CBD00F73DC9 /* Resources */,
			);
			buildRules = (
			);
			dependencies = (
				455AA8CB19C29EC1007A790A /* PBXTargetDependency */,
			);
			name = "EonilCommonMark - OSX - Dynamic Framework";
			productName = "CommonMark - OSX - Dynamic Framework";
			productReference = 453A243A19C29CBD00F73DC9 /* EonilCommonMark.framework */;
			productType = "com.apple.product-type.framework";
		};
		45A7CB0519BD725100EAE282 /* EonilCommonMark - OSX - Static Framework */ = {
			isa = PBXNativeTarget;
			buildConfigurationList = 45A7CB1619BD725100EAE282 /* Build configuration list for PBXNativeTarget "EonilCommonMark - OSX - Static Framework" */;
			buildPhases = (
				45A7CB0119BD725100EAE282 /* Sources */,
				45A7CB0219BD725100EAE282 /* Frameworks */,
				45A7CB0319BD725100EAE282 /* Headers */,
				45A7CB0419BD725100EAE282 /* Resources */,
			);
			buildRules = (
			);
			dependencies = (
				455AA8C719C29EB1007A790A /* PBXTargetDependency */,
			);
			name = "EonilCommonMark - OSX - Static Framework";
			productName = "CommonMark - OSX - Static Framework";
			productReference = 45A7CB0619BD725100EAE282 /* EonilCommonMark.framework */;
			productType = "com.apple.product-type.framework";
		};
		45A7CB2019BD726600EAE282 /* EonilCommonMark - iOS - Static Framework */ = {
			isa = PBXNativeTarget;
			buildConfigurationList = 45A7CB3119BD726700EAE282 /* Build configuration list for PBXNativeTarget "EonilCommonMark - iOS - Static Framework" */;
			buildPhases = (
				45A7CB1C19BD726600EAE282 /* Sources */,
				45A7CB1D19BD726600EAE282 /* Frameworks */,
				45A7CB1E19BD726600EAE282 /* Headers */,
				45A7CB1F19BD726600EAE282 /* Resources */,
			);
			buildRules = (
			);
			dependencies = (
				455AA8C919C29EB5007A790A /* PBXTargetDependency */,
			);
			name = "EonilCommonMark - iOS - Static Framework";
			productName = "CommonMark - iOS - Static Framework";
			productReference = 45A7CB2119BD726700EAE282 /* EonilCommonMark.framework */;
			productType = "com.apple.product-type.framework";
		};
		45A7CB5B19BD735700EAE282 /* EonilCommonMarkC - OSX - Static Library */ = {
			isa = PBXNativeTarget;
			buildConfigurationList = 45A7CB5D19BD735700EAE282 /* Build configuration list for PBXNativeTarget "EonilCommonMarkC - OSX - Static Library" */;
			buildPhases = (
				45A7CB5819BD735700EAE282 /* Sources */,
				45A7CB5919BD735700EAE282 /* Frameworks */,
				45A7CB5A19BD735700EAE282 /* Headers */,
			);
			buildRules = (
			);
			dependencies = (
			);
			name = "EonilCommonMarkC - OSX - Static Library";
			productName = "CommonMarkC - OSX - Static Library";
			productReference = 45A7CB5C19BD735700EAE282 /* libEonilCommonMarkC.a */;
			productType = "com.apple.product-type.library.static";
		};
		45A7CB6D19BD738C00EAE282 /* EonilCommonMarkC - iOS - Static Library */ = {
			isa = PBXNativeTarget;
			buildConfigurationList = 45A7CB7C19BD738C00EAE282 /* Build configuration list for PBXNativeTarget "EonilCommonMarkC - iOS - Static Library" */;
			buildPhases = (
				45A7CB6A19BD738C00EAE282 /* Sources */,
				45A7CB6B19BD738C00EAE282 /* Frameworks */,
				45A7CB6C19BD738C00EAE282 /* CopyFiles */,
			);
			buildRules = (
			);
			dependencies = (
			);
			name = "EonilCommonMarkC - iOS - Static Library";
			productName = "CommonMarkC - iOS - Static Library";
			productReference = 45A7CB6E19BD738C00EAE282 /* libEonilCommonMarkC.a */;
			productType = "com.apple.product-type.library.static";
		};
		45E20BF219BC529E0095C94F /* EonilCommonMarkTest */ = {
			isa = PBXNativeTarget;
			buildConfigurationList = 45E20BFA19BC529E0095C94F /* Build configuration list for PBXNativeTarget "EonilCommonMarkTest" */;
			buildPhases = (
				45E20BEF19BC529E0095C94F /* Sources */,
				45E20BF019BC529E0095C94F /* Frameworks */,
				45E20BF119BC529E0095C94F /* CopyFiles */,
			);
			buildRules = (
			);
			dependencies = (
			);
			name = EonilCommonMarkTest;
			productName = Markdown;
			productReference = 45E20BF319BC529E0095C94F /* EonilCommonMark */;
			productType = "com.apple.product-type.tool";
		};
/* End PBXNativeTarget section */

/* Begin PBXProject section */
		45E20BEB19BC529E0095C94F /* Project object */ = {
			isa = PBXProject;
			attributes = {
				LastUpgradeCheck = 0600;
				ORGANIZATIONNAME = Eonil;
				TargetAttributes = {
					453A241E19C29CAC00F73DC9 = {
						CreatedOnToolsVersion = 6.0;
					};
					453A243919C29CBD00F73DC9 = {
						CreatedOnToolsVersion = 6.0;
					};
					45A7CB0519BD725100EAE282 = {
						CreatedOnToolsVersion = 6.0;
					};
					45A7CB2019BD726600EAE282 = {
						CreatedOnToolsVersion = 6.0;
					};
					45A7CB5B19BD735700EAE282 = {
						CreatedOnToolsVersion = 6.0;
					};
					45A7CB6D19BD738C00EAE282 = {
						CreatedOnToolsVersion = 6.0;
					};
					45E20BF219BC529E0095C94F = {
						CreatedOnToolsVersion = 6.0;
					};
				};
			};
			buildConfigurationList = 45E20BEE19BC529E0095C94F /* Build configuration list for PBXProject "EonilCommonMark" */;
			compatibilityVersion = "Xcode 3.2";
			developmentRegion = English;
			hasScannedForEncodings = 0;
			knownRegions = (
				en,
			);
			mainGroup = 45E20BEA19BC529E0095C94F;
			productRefGroup = 45E20BF419BC529E0095C94F /* Products */;
			projectDirPath = "";
			projectRoot = "";
			targets = (
				45A7CB5B19BD735700EAE282 /* EonilCommonMarkC - OSX - Static Library */,
				45A7CB6D19BD738C00EAE282 /* EonilCommonMarkC - iOS - Static Library */,
				45A7CB0519BD725100EAE282 /* EonilCommonMark - OSX - Static Framework */,
				45A7CB2019BD726600EAE282 /* EonilCommonMark - iOS - Static Framework */,
				453A243919C29CBD00F73DC9 /* EonilCommonMark - OSX - Dynamic Framework */,
				453A241E19C29CAC00F73DC9 /* EonilCommonMark - iOS - Dynamic Framework */,
				45E20BF219BC529E0095C94F /* EonilCommonMarkTest */,
			);
		};
/* End PBXProject section */

/* Begin PBXResourcesBuildPhase section */
		453A241D19C29CAC00F73DC9 /* Resources */ = {
			isa = PBXResourcesBuildPhase;
			buildActionMask = 2147483647;
			files = (
			);
			runOnlyForDeploymentPostprocessing = 0;
		};
		453A243819C29CBD00F73DC9 /* Resources */ = {
			isa = PBXResourcesBuildPhase;
			buildActionMask = 2147483647;
			files = (
			);
			runOnlyForDeploymentPostprocessing = 0;
		};
		45A7CB0419BD725100EAE282 /* Resources */ = {
			isa = PBXResourcesBuildPhase;
			buildActionMask = 2147483647;
			files = (
				45BCE45319BD7A50008F39C0 /* README.md in Resources */,
				45BCE44E19BD7A4C008F39C0 /* license.bstrlib.txt in Resources */,
				45BCE44F19BD7A4C008F39C0 /* license.uthash.txt in Resources */,
				45BCE44D19BD7A4C008F39C0 /* LICENSE.CommonMark in Resources */,
			);
			runOnlyForDeploymentPostprocessing = 0;
		};
		45A7CB1F19BD726600EAE282 /* Resources */ = {
			isa = PBXResourcesBuildPhase;
			buildActionMask = 2147483647;
			files = (
			);
			runOnlyForDeploymentPostprocessing = 0;
		};
/* End PBXResourcesBuildPhase section */

/* Begin PBXSourcesBuildPhase section */
		453A241A19C29CAC00F73DC9 /* Sources */ = {
			isa = PBXSourcesBuildPhase;
			buildActionMask = 2147483647;
			files = (
				453A245419C29CE600F73DC9 /* CommonMark__INTERNAL_STRING_UTILITIES.m in Sources */,
				453A245619C29CE600F73DC9 /* CommonMarkUtilityFunctions.m in Sources */,
				453A245119C29CE600F73DC9 /* CommonMarkInlineLinkage.m in Sources */,
				453A245719C29CE600F73DC9 /* CommonMarkBlockList.m in Sources */,
				453A245919C29CE600F73DC9 /* CommonMarkInlineList.m in Sources */,
				453A245219C29CE600F73DC9 /* CommonMark__INTERNALS.m in Sources */,
				453A245019C29CE600F73DC9 /* CommonMarkInline.m in Sources */,
				453A245819C29CE600F73DC9 /* CommonMarkSubject.m in Sources */,
				453A245319C29CE600F73DC9 /* CommonMarkReference.m in Sources */,
				453A245A19C29CE600F73DC9 /* CommonMark__INTERNAL_ENUM_MAPPINGS.m in Sources */,
				453A245C19C29CE600F73DC9 /* CommonMarkBlock.m in Sources */,
				453A245B19C29CE600F73DC9 /* CommonMarkError.m in Sources */,
				453A245519C29CE600F73DC9 /* EonilCommonMark.m in Sources */,
			);
			runOnlyForDeploymentPostprocessing = 0;
		};
		453A243519C29CBD00F73DC9 /* Sources */ = {
			isa = PBXSourcesBuildPhase;
			buildActionMask = 2147483647;
			files = (
				453A246119C29CE700F73DC9 /* CommonMark__INTERNAL_STRING_UTILITIES.m in Sources */,
				453A246319C29CE700F73DC9 /* CommonMarkUtilityFunctions.m in Sources */,
				453A245E19C29CE700F73DC9 /* CommonMarkInlineLinkage.m in Sources */,
				453A246419C29CE700F73DC9 /* CommonMarkBlockList.m in Sources */,
				453A246619C29CE700F73DC9 /* CommonMarkInlineList.m in Sources */,
				453A245F19C29CE700F73DC9 /* CommonMark__INTERNALS.m in Sources */,
				453A245D19C29CE700F73DC9 /* CommonMarkInline.m in Sources */,
				453A246519C29CE700F73DC9 /* CommonMarkSubject.m in Sources */,
				453A246019C29CE700F73DC9 /* CommonMarkReference.m in Sources */,
				453A246719C29CE700F73DC9 /* CommonMark__INTERNAL_ENUM_MAPPINGS.m in Sources */,
				453A246919C29CE700F73DC9 /* CommonMarkBlock.m in Sources */,
				453A246819C29CE700F73DC9 /* CommonMarkError.m in Sources */,
				453A246219C29CE700F73DC9 /* EonilCommonMark.m in Sources */,
			);
			runOnlyForDeploymentPostprocessing = 0;
		};
		45A7CB0119BD725100EAE282 /* Sources */ = {
			isa = PBXSourcesBuildPhase;
			buildActionMask = 2147483647;
			files = (
				45BCE48219BD7DBF008F39C0 /* CommonMarkInline.m in Sources */,
				45BCE45D19BD7DA7008F39C0 /* CommonMarkInlineLinkage.m in Sources */,
				45BCE46219BD7DB1008F39C0 /* CommonMark__INTERNALS.m in Sources */,
				45BCE48419BD7DBF008F39C0 /* CommonMarkReference.m in Sources */,
				45BCE48019BD7DBF008F39C0 /* CommonMark__INTERNAL_STRING_UTILITIES.m in Sources */,
				45BCE45F19BD7DAC008F39C0 /* EonilCommonMark.m in Sources */,
				45BCE48919BD7DBF008F39C0 /* CommonMarkUtilityFunctions.m in Sources */,
				45BCE48719BD7DBF008F39C0 /* CommonMarkBlockList.m in Sources */,
				45BCE48519BD7DBF008F39C0 /* CommonMarkSubject.m in Sources */,
				45BCE48319BD7DBF008F39C0 /* CommonMarkInlineList.m in Sources */,
				45BCE48119BD7DBF008F39C0 /* CommonMark__INTERNAL_ENUM_MAPPINGS.m in Sources */,
				45BCE48819BD7DBF008F39C0 /* CommonMarkError.m in Sources */,
				45BCE48619BD7DBF008F39C0 /* CommonMarkBlock.m in Sources */,
			);
			runOnlyForDeploymentPostprocessing = 0;
		};
		45A7CB1C19BD726600EAE282 /* Sources */ = {
			isa = PBXSourcesBuildPhase;
			buildActionMask = 2147483647;
			files = (
				45BCE49219BD7DC0008F39C0 /* CommonMarkError.m in Sources */,
				45BCE48F19BD7DC0008F39C0 /* CommonMarkSubject.m in Sources */,
				45BCE48E19BD7DC0008F39C0 /* CommonMarkReference.m in Sources */,
				45BCE48D19BD7DC0008F39C0 /* CommonMarkInlineList.m in Sources */,
				45BCE48A19BD7DC0008F39C0 /* CommonMark__INTERNAL_STRING_UTILITIES.m in Sources */,
				45BCE48C19BD7DC0008F39C0 /* CommonMarkInline.m in Sources */,
				45BCE46319BD7DB1008F39C0 /* CommonMark__INTERNALS.m in Sources */,
				45BCE48B19BD7DC0008F39C0 /* CommonMark__INTERNAL_ENUM_MAPPINGS.m in Sources */,
				45BCE49319BD7DC0008F39C0 /* CommonMarkUtilityFunctions.m in Sources */,
				45BCE45E19BD7DA8008F39C0 /* CommonMarkInlineLinkage.m in Sources */,
				45BCE49019BD7DC0008F39C0 /* CommonMarkBlock.m in Sources */,
				45BCE46019BD7DAD008F39C0 /* EonilCommonMark.m in Sources */,
				45BCE49119BD7DC0008F39C0 /* CommonMarkBlockList.m in Sources */,
			);
			runOnlyForDeploymentPostprocessing = 0;
		};
		45A7CB5819BD735700EAE282 /* Sources */ = {
			isa = PBXSourcesBuildPhase;
			buildActionMask = 2147483647;
			files = (
				45A7CB6819BD737D00EAE282 /* scanners.c in Sources */,
				45A7CB6519BD737D00EAE282 /* html.c in Sources */,
				45A7CB6419BD737D00EAE282 /* detab.c in Sources */,
				45A7CB6719BD737D00EAE282 /* print.c in Sources */,
				45A7CB6619BD737D00EAE282 /* inlines.c in Sources */,
				45A7CB6219BD737D00EAE282 /* bstrlib.c in Sources */,
				455AA8DE19C29F6C007A790A /* CommonMarkBlockReferenceMap.m in Sources */,
				455AA8DF19C29F6C007A790A /* CommonMarkProxyObject.m in Sources */,
				45A7CB6919BD737D00EAE282 /* utf8.c in Sources */,
				45A7CB6119BD737D00EAE282 /* blocks.c in Sources */,
				455AA8DC19C29F6C007A790A /* CommonMarkBlockFencedCodeData.m in Sources */,
				455AA8DD19C29F6C007A790A /* CommonMarkBlockListData.m in Sources */,
			);
			runOnlyForDeploymentPostprocessing = 0;
		};
		45A7CB6A19BD738C00EAE282 /* Sources */ = {
			isa = PBXSourcesBuildPhase;
			buildActionMask = 2147483647;
			files = (
				45BCE44419BD7442008F39C0 /* scanners.c in Sources */,
				45BCE44119BD7442008F39C0 /* html.c in Sources */,
				45BCE44019BD7442008F39C0 /* detab.c in Sources */,
				45BCE44319BD7442008F39C0 /* print.c in Sources */,
				45BCE44219BD7442008F39C0 /* inlines.c in Sources */,
				45BCE44519BD7442008F39C0 /* utf8.c in Sources */,
				455AA8DA19C29F6C007A790A /* CommonMarkBlockReferenceMap.m in Sources */,
				455AA8DB19C29F6C007A790A /* CommonMarkProxyObject.m in Sources */,
				45BCE43E19BD7442008F39C0 /* blocks.c in Sources */,
				45BCE43F19BD7442008F39C0 /* bstrlib.c in Sources */,
				455AA8D819C29F6C007A790A /* CommonMarkBlockFencedCodeData.m in Sources */,
				455AA8D919C29F6C007A790A /* CommonMarkBlockListData.m in Sources */,
			);
			runOnlyForDeploymentPostprocessing = 0;
		};
		45E20BEF19BC529E0095C94F /* Sources */ = {
			isa = PBXSourcesBuildPhase;
			buildActionMask = 2147483647;
			files = (
				4588BB1119CD64B500357E40 /* main.m in Sources */,
			);
			runOnlyForDeploymentPostprocessing = 0;
		};
/* End PBXSourcesBuildPhase section */

/* Begin PBXTargetDependency section */
		455AA8C719C29EB1007A790A /* PBXTargetDependency */ = {
			isa = PBXTargetDependency;
			target = 45A7CB5B19BD735700EAE282 /* EonilCommonMarkC - OSX - Static Library */;
			targetProxy = 455AA8C619C29EB1007A790A /* PBXContainerItemProxy */;
		};
		455AA8C919C29EB5007A790A /* PBXTargetDependency */ = {
			isa = PBXTargetDependency;
			target = 45A7CB6D19BD738C00EAE282 /* EonilCommonMarkC - iOS - Static Library */;
			targetProxy = 455AA8C819C29EB5007A790A /* PBXContainerItemProxy */;
		};
		455AA8CB19C29EC1007A790A /* PBXTargetDependency */ = {
			isa = PBXTargetDependency;
			target = 45A7CB5B19BD735700EAE282 /* EonilCommonMarkC - OSX - Static Library */;
			targetProxy = 455AA8CA19C29EC1007A790A /* PBXContainerItemProxy */;
		};
		455AA8CD19C29EC5007A790A /* PBXTargetDependency */ = {
			isa = PBXTargetDependency;
			target = 45A7CB6D19BD738C00EAE282 /* EonilCommonMarkC - iOS - Static Library */;
			targetProxy = 455AA8CC19C29EC5007A790A /* PBXContainerItemProxy */;
		};
/* End PBXTargetDependency section */

/* Begin XCBuildConfiguration section */
		453A243019C29CAD00F73DC9 /* Debug */ = {
			isa = XCBuildConfiguration;
			buildSettings = {
				"CODE_SIGN_IDENTITY[sdk=iphoneos*]" = "iPhone Developer";
				CURRENT_PROJECT_VERSION = 1;
				DEFINES_MODULE = YES;
				DYLIB_COMPATIBILITY_VERSION = 1;
				DYLIB_CURRENT_VERSION = 1;
				DYLIB_INSTALL_NAME_BASE = "@rpath";
				GCC_PREPROCESSOR_DEFINITIONS = (
					"DEBUG=1",
					"$(inherited)",
				);
				INFOPLIST_FILE = "CommonMark - iOS - Dynamic Framework/Info.plist";
				INSTALL_PATH = "$(LOCAL_LIBRARY_DIR)/Frameworks";
				IPHONEOS_DEPLOYMENT_TARGET = 8.0;
				LD_RUNPATH_SEARCH_PATHS = "$(inherited) @executable_path/Frameworks @loader_path/Frameworks";
				PRODUCT_NAME = EonilCommonMark;
				SDKROOT = iphoneos;
				SKIP_INSTALL = YES;
				TARGETED_DEVICE_FAMILY = "1,2";
				VERSIONING_SYSTEM = "apple-generic";
				VERSION_INFO_PREFIX = "";
			};
			name = Debug;
		};
		453A243119C29CAD00F73DC9 /* Release */ = {
			isa = XCBuildConfiguration;
			buildSettings = {
				"CODE_SIGN_IDENTITY[sdk=iphoneos*]" = "iPhone Developer";
				CURRENT_PROJECT_VERSION = 1;
				DEFINES_MODULE = YES;
				DYLIB_COMPATIBILITY_VERSION = 1;
				DYLIB_CURRENT_VERSION = 1;
				DYLIB_INSTALL_NAME_BASE = "@rpath";
				INFOPLIST_FILE = "CommonMark - iOS - Dynamic Framework/Info.plist";
				INSTALL_PATH = "$(LOCAL_LIBRARY_DIR)/Frameworks";
				IPHONEOS_DEPLOYMENT_TARGET = 8.0;
				LD_RUNPATH_SEARCH_PATHS = "$(inherited) @executable_path/Frameworks @loader_path/Frameworks";
				PRODUCT_NAME = EonilCommonMark;
				SDKROOT = iphoneos;
				SKIP_INSTALL = YES;
				TARGETED_DEVICE_FAMILY = "1,2";
				VALIDATE_PRODUCT = YES;
				VERSIONING_SYSTEM = "apple-generic";
				VERSION_INFO_PREFIX = "";
			};
			name = Release;
		};
		453A244B19C29CBD00F73DC9 /* Debug */ = {
			isa = XCBuildConfiguration;
			buildSettings = {
				COMBINE_HIDPI_IMAGES = YES;
				CURRENT_PROJECT_VERSION = 1;
				DEFINES_MODULE = YES;
				DYLIB_COMPATIBILITY_VERSION = 1;
				DYLIB_CURRENT_VERSION = 1;
				DYLIB_INSTALL_NAME_BASE = "@rpath";
				FRAMEWORK_VERSION = A;
				GCC_PREPROCESSOR_DEFINITIONS = (
					"DEBUG=1",
					"$(inherited)",
				);
				INFOPLIST_FILE = "CommonMark - OSX - Dynamic Framework/Info.plist";
				INSTALL_PATH = "$(LOCAL_LIBRARY_DIR)/Frameworks";
				LD_RUNPATH_SEARCH_PATHS = "$(inherited) @executable_path/../Frameworks @loader_path/Frameworks";
				PRODUCT_NAME = EonilCommonMark;
				SKIP_INSTALL = YES;
				VERSIONING_SYSTEM = "apple-generic";
				VERSION_INFO_PREFIX = "";
			};
			name = Debug;
		};
		453A244C19C29CBD00F73DC9 /* Release */ = {
			isa = XCBuildConfiguration;
			buildSettings = {
				COMBINE_HIDPI_IMAGES = YES;
				CURRENT_PROJECT_VERSION = 1;
				DEFINES_MODULE = YES;
				DYLIB_COMPATIBILITY_VERSION = 1;
				DYLIB_CURRENT_VERSION = 1;
				DYLIB_INSTALL_NAME_BASE = "@rpath";
				FRAMEWORK_VERSION = A;
				INFOPLIST_FILE = "CommonMark - OSX - Dynamic Framework/Info.plist";
				INSTALL_PATH = "$(LOCAL_LIBRARY_DIR)/Frameworks";
				LD_RUNPATH_SEARCH_PATHS = "$(inherited) @executable_path/../Frameworks @loader_path/Frameworks";
				PRODUCT_NAME = EonilCommonMark;
				SKIP_INSTALL = YES;
				VERSIONING_SYSTEM = "apple-generic";
				VERSION_INFO_PREFIX = "";
			};
			name = Release;
		};
		45A7CB1719BD725100EAE282 /* Debug */ = {
			isa = XCBuildConfiguration;
			buildSettings = {
				COMBINE_HIDPI_IMAGES = YES;
				CURRENT_PROJECT_VERSION = 1;
				DEFINES_MODULE = YES;
				DYLIB_COMPATIBILITY_VERSION = 1;
				DYLIB_CURRENT_VERSION = 1;
				DYLIB_INSTALL_NAME_BASE = "@rpath";
				FRAMEWORK_VERSION = A;
				GCC_PREPROCESSOR_DEFINITIONS = (
					"DEBUG=1",
					"$(inherited)",
				);
				INFOPLIST_FILE = "CommonMark - OSX - Static Framework/Info.plist";
				INSTALL_PATH = "$(LOCAL_LIBRARY_DIR)/Frameworks";
				LD_RUNPATH_SEARCH_PATHS = "$(inherited) @executable_path/../Frameworks @loader_path/Frameworks";
				MACH_O_TYPE = staticlib;
				PRODUCT_NAME = EonilCommonMark;
				SKIP_INSTALL = YES;
				VERSIONING_SYSTEM = "apple-generic";
				VERSION_INFO_PREFIX = "";
			};
			name = Debug;
		};
		45A7CB1819BD725100EAE282 /* Release */ = {
			isa = XCBuildConfiguration;
			buildSettings = {
				COMBINE_HIDPI_IMAGES = YES;
				CURRENT_PROJECT_VERSION = 1;
				DEFINES_MODULE = YES;
				DYLIB_COMPATIBILITY_VERSION = 1;
				DYLIB_CURRENT_VERSION = 1;
				DYLIB_INSTALL_NAME_BASE = "@rpath";
				FRAMEWORK_VERSION = A;
				INFOPLIST_FILE = "CommonMark - OSX - Static Framework/Info.plist";
				INSTALL_PATH = "$(LOCAL_LIBRARY_DIR)/Frameworks";
				LD_RUNPATH_SEARCH_PATHS = "$(inherited) @executable_path/../Frameworks @loader_path/Frameworks";
				MACH_O_TYPE = staticlib;
				PRODUCT_NAME = EonilCommonMark;
				SKIP_INSTALL = YES;
				VERSIONING_SYSTEM = "apple-generic";
				VERSION_INFO_PREFIX = "";
			};
			name = Release;
		};
		45A7CB3219BD726700EAE282 /* Debug */ = {
			isa = XCBuildConfiguration;
			buildSettings = {
				"CODE_SIGN_IDENTITY[sdk=iphoneos*]" = "iPhone Developer";
				CURRENT_PROJECT_VERSION = 1;
				DEFINES_MODULE = YES;
				DYLIB_COMPATIBILITY_VERSION = 1;
				DYLIB_CURRENT_VERSION = 1;
				DYLIB_INSTALL_NAME_BASE = "@rpath";
				GCC_PREPROCESSOR_DEFINITIONS = (
					"DEBUG=1",
					"$(inherited)",
				);
				INFOPLIST_FILE = "CommonMark - iOS - Static Framework/Info.plist";
				INSTALL_PATH = "$(LOCAL_LIBRARY_DIR)/Frameworks";
				IPHONEOS_DEPLOYMENT_TARGET = 8.0;
				LD_RUNPATH_SEARCH_PATHS = "$(inherited) @executable_path/Frameworks @loader_path/Frameworks";
				MACH_O_TYPE = staticlib;
				PRODUCT_NAME = EonilCommonMark;
				SDKROOT = iphoneos;
				SKIP_INSTALL = YES;
				TARGETED_DEVICE_FAMILY = "1,2";
				VERSIONING_SYSTEM = "apple-generic";
				VERSION_INFO_PREFIX = "";
			};
			name = Debug;
		};
		45A7CB3319BD726700EAE282 /* Release */ = {
			isa = XCBuildConfiguration;
			buildSettings = {
				"CODE_SIGN_IDENTITY[sdk=iphoneos*]" = "iPhone Developer";
				CURRENT_PROJECT_VERSION = 1;
				DEFINES_MODULE = YES;
				DYLIB_COMPATIBILITY_VERSION = 1;
				DYLIB_CURRENT_VERSION = 1;
				DYLIB_INSTALL_NAME_BASE = "@rpath";
				INFOPLIST_FILE = "CommonMark - iOS - Static Framework/Info.plist";
				INSTALL_PATH = "$(LOCAL_LIBRARY_DIR)/Frameworks";
				IPHONEOS_DEPLOYMENT_TARGET = 8.0;
				LD_RUNPATH_SEARCH_PATHS = "$(inherited) @executable_path/Frameworks @loader_path/Frameworks";
				MACH_O_TYPE = staticlib;
				PRODUCT_NAME = EonilCommonMark;
				SDKROOT = iphoneos;
				SKIP_INSTALL = YES;
				TARGETED_DEVICE_FAMILY = "1,2";
				VALIDATE_PRODUCT = YES;
				VERSIONING_SYSTEM = "apple-generic";
				VERSION_INFO_PREFIX = "";
			};
			name = Release;
		};
		45A7CB5E19BD735700EAE282 /* Debug */ = {
			isa = XCBuildConfiguration;
			buildSettings = {
				EXECUTABLE_PREFIX = lib;
				GCC_PREPROCESSOR_DEFINITIONS = (
					"DEBUG=1",
					"$(inherited)",
				);
				GCC_WARN_64_TO_32_BIT_CONVERSION = NO;
				PRODUCT_NAME = "$(PROJECT_NAME)C";
			};
			name = Debug;
		};
		45A7CB5F19BD735700EAE282 /* Release */ = {
			isa = XCBuildConfiguration;
			buildSettings = {
				EXECUTABLE_PREFIX = lib;
				GCC_WARN_64_TO_32_BIT_CONVERSION = NO;
				PRODUCT_NAME = "$(PROJECT_NAME)C";
			};
			name = Release;
		};
		45A7CB7D19BD738C00EAE282 /* Debug */ = {
			isa = XCBuildConfiguration;
			buildSettings = {
				GCC_PREPROCESSOR_DEFINITIONS = (
					"DEBUG=1",
					"$(inherited)",
				);
				GCC_WARN_64_TO_32_BIT_CONVERSION = NO;
				IPHONEOS_DEPLOYMENT_TARGET = 8.0;
				OTHER_LDFLAGS = "-ObjC";
				PRODUCT_NAME = "$(PROJECT_NAME)C";
				SDKROOT = iphoneos;
				SKIP_INSTALL = YES;
			};
			name = Debug;
		};
		45A7CB7E19BD738C00EAE282 /* Release */ = {
			isa = XCBuildConfiguration;
			buildSettings = {
				GCC_WARN_64_TO_32_BIT_CONVERSION = NO;
				IPHONEOS_DEPLOYMENT_TARGET = 8.0;
				OTHER_LDFLAGS = "-ObjC";
				PRODUCT_NAME = "$(PROJECT_NAME)C";
				SDKROOT = iphoneos;
				SKIP_INSTALL = YES;
				VALIDATE_PRODUCT = YES;
			};
			name = Release;
		};
		45E20BF819BC529E0095C94F /* Debug */ = {
			isa = XCBuildConfiguration;
			buildSettings = {
				ALWAYS_SEARCH_USER_PATHS = NO;
				CLANG_CXX_LANGUAGE_STANDARD = "c++0x";
				CLANG_CXX_LIBRARY = "libc++";
				CLANG_ENABLE_MODULES = YES;
				CLANG_ENABLE_OBJC_ARC = YES;
				CLANG_WARN_BOOL_CONVERSION = YES;
				CLANG_WARN_CONSTANT_CONVERSION = YES;
				CLANG_WARN_DIRECT_OBJC_ISA_USAGE = YES_ERROR;
				CLANG_WARN_EMPTY_BODY = YES;
				CLANG_WARN_ENUM_CONVERSION = YES;
				CLANG_WARN_INT_CONVERSION = YES;
				CLANG_WARN_OBJC_ROOT_CLASS = YES_ERROR;
				CLANG_WARN_UNREACHABLE_CODE = YES;
				CLANG_WARN__DUPLICATE_METHOD_MATCH = YES;
				COPY_PHASE_STRIP = NO;
				ENABLE_STRICT_OBJC_MSGSEND = YES;
				GCC_C_LANGUAGE_STANDARD = c99;
				GCC_DYNAMIC_NO_PIC = NO;
				GCC_OPTIMIZATION_LEVEL = 0;
				GCC_PREPROCESSOR_DEFINITIONS = (
					"DEBUG=1",
					"$(inherited)",
				);
				GCC_SYMBOLS_PRIVATE_EXTERN = NO;
				GCC_WARN_64_TO_32_BIT_CONVERSION = YES;
				GCC_WARN_ABOUT_RETURN_TYPE = YES_ERROR;
				GCC_WARN_UNDECLARED_SELECTOR = YES;
				GCC_WARN_UNINITIALIZED_AUTOS = YES_AGGRESSIVE;
				GCC_WARN_UNUSED_FUNCTION = YES;
				GCC_WARN_UNUSED_VARIABLE = YES;
				MACOSX_DEPLOYMENT_TARGET = 10.9;
				MTL_ENABLE_DEBUG_INFO = YES;
				ONLY_ACTIVE_ARCH = YES;
				PRODUCT_NAME = "$(PROJECT_NAME)";
				SDKROOT = macosx;
			};
			name = Debug;
		};
		45E20BF919BC529E0095C94F /* Release */ = {
			isa = XCBuildConfiguration;
			buildSettings = {
				ALWAYS_SEARCH_USER_PATHS = NO;
				CLANG_CXX_LANGUAGE_STANDARD = "c++0x";
				CLANG_CXX_LIBRARY = "libc++";
				CLANG_ENABLE_MODULES = YES;
				CLANG_ENABLE_OBJC_ARC = YES;
				CLANG_WARN_BOOL_CONVERSION = YES;
				CLANG_WARN_CONSTANT_CONVERSION = YES;
				CLANG_WARN_DIRECT_OBJC_ISA_USAGE = YES_ERROR;
				CLANG_WARN_EMPTY_BODY = YES;
				CLANG_WARN_ENUM_CONVERSION = YES;
				CLANG_WARN_INT_CONVERSION = YES;
				CLANG_WARN_OBJC_ROOT_CLASS = YES_ERROR;
				CLANG_WARN_UNREACHABLE_CODE = YES;
				CLANG_WARN__DUPLICATE_METHOD_MATCH = YES;
				COPY_PHASE_STRIP = YES;
				DEBUG_INFORMATION_FORMAT = "dwarf-with-dsym";
				ENABLE_NS_ASSERTIONS = NO;
				ENABLE_STRICT_OBJC_MSGSEND = YES;
				GCC_C_LANGUAGE_STANDARD = c99;
				GCC_WARN_64_TO_32_BIT_CONVERSION = YES;
				GCC_WARN_ABOUT_RETURN_TYPE = YES_ERROR;
				GCC_WARN_UNDECLARED_SELECTOR = YES;
				GCC_WARN_UNINITIALIZED_AUTOS = YES_AGGRESSIVE;
				GCC_WARN_UNUSED_FUNCTION = YES;
				GCC_WARN_UNUSED_VARIABLE = YES;
				MACOSX_DEPLOYMENT_TARGET = 10.9;
				MTL_ENABLE_DEBUG_INFO = NO;
				PRODUCT_NAME = "$(PROJECT_NAME)";
				SDKROOT = macosx;
			};
			name = Release;
		};
		45E20BFB19BC529E0095C94F /* Debug */ = {
			isa = XCBuildConfiguration;
			buildSettings = {
				PRODUCT_NAME = EonilCommonMark;
			};
			name = Debug;
		};
		45E20BFC19BC529E0095C94F /* Release */ = {
			isa = XCBuildConfiguration;
			buildSettings = {
				PRODUCT_NAME = EonilCommonMark;
			};
			name = Release;
		};
/* End XCBuildConfiguration section */

/* Begin XCConfigurationList section */
		453A242F19C29CAD00F73DC9 /* Build configuration list for PBXNativeTarget "EonilCommonMark - iOS - Dynamic Framework" */ = {
			isa = XCConfigurationList;
			buildConfigurations = (
				453A243019C29CAD00F73DC9 /* Debug */,
				453A243119C29CAD00F73DC9 /* Release */,
			);
			defaultConfigurationIsVisible = 0;
			defaultConfigurationName = Release;
		};
		453A244A19C29CBD00F73DC9 /* Build configuration list for PBXNativeTarget "EonilCommonMark - OSX - Dynamic Framework" */ = {
			isa = XCConfigurationList;
			buildConfigurations = (
				453A244B19C29CBD00F73DC9 /* Debug */,
				453A244C19C29CBD00F73DC9 /* Release */,
			);
			defaultConfigurationIsVisible = 0;
			defaultConfigurationName = Release;
		};
		45A7CB1619BD725100EAE282 /* Build configuration list for PBXNativeTarget "EonilCommonMark - OSX - Static Framework" */ = {
			isa = XCConfigurationList;
			buildConfigurations = (
				45A7CB1719BD725100EAE282 /* Debug */,
				45A7CB1819BD725100EAE282 /* Release */,
			);
			defaultConfigurationIsVisible = 0;
			defaultConfigurationName = Release;
		};
		45A7CB3119BD726700EAE282 /* Build configuration list for PBXNativeTarget "EonilCommonMark - iOS - Static Framework" */ = {
			isa = XCConfigurationList;
			buildConfigurations = (
				45A7CB3219BD726700EAE282 /* Debug */,
				45A7CB3319BD726700EAE282 /* Release */,
			);
			defaultConfigurationIsVisible = 0;
			defaultConfigurationName = Release;
		};
		45A7CB5D19BD735700EAE282 /* Build configuration list for PBXNativeTarget "EonilCommonMarkC - OSX - Static Library" */ = {
			isa = XCConfigurationList;
			buildConfigurations = (
				45A7CB5E19BD735700EAE282 /* Debug */,
				45A7CB5F19BD735700EAE282 /* Release */,
			);
			defaultConfigurationIsVisible = 0;
			defaultConfigurationName = Release;
		};
		45A7CB7C19BD738C00EAE282 /* Build configuration list for PBXNativeTarget "EonilCommonMarkC - iOS - Static Library" */ = {
			isa = XCConfigurationList;
			buildConfigurations = (
				45A7CB7D19BD738C00EAE282 /* Debug */,
				45A7CB7E19BD738C00EAE282 /* Release */,
			);
			defaultConfigurationIsVisible = 0;
			defaultConfigurationName = Release;
		};
		45E20BEE19BC529E0095C94F /* Build configuration list for PBXProject "EonilCommonMark" */ = {
			isa = XCConfigurationList;
			buildConfigurations = (
				45E20BF819BC529E0095C94F /* Debug */,
				45E20BF919BC529E0095C94F /* Release */,
			);
			defaultConfigurationIsVisible = 0;
			defaultConfigurationName = Release;
		};
		45E20BFA19BC529E0095C94F /* Build configuration list for PBXNativeTarget "EonilCommonMarkTest" */ = {
			isa = XCConfigurationList;
			buildConfigurations = (
				45E20BFB19BC529E0095C94F /* Debug */,
				45E20BFC19BC529E0095C94F /* Release */,
			);
			defaultConfigurationIsVisible = 0;
			defaultConfigurationName = Release;
		};
/* End XCConfigurationList section */
	};
	rootObject = 45E20BEB19BC529E0095C94F /* Project object */;
}
